// !$*UTF8*$!
{
	archiveVersion = 1;
	classes = {
	};
	objectVersion = 50;
	objects = {

/* Begin PBXBuildFile section */
		2B0F01C8244B910900239832 /* UserData.swift in Sources */ = {isa = PBXBuildFile; fileRef = 2B99116B242C6069007E7FEA /* UserData.swift */; };
		2B0F01C9244B923300239832 /* UserData.swift in Sources */ = {isa = PBXBuildFile; fileRef = 2B99116B242C6069007E7FEA /* UserData.swift */; };
		2B0F01CB244B925000239832 /* Data.swift in Sources */ = {isa = PBXBuildFile; fileRef = 2BE377BC242B06CC0012F285 /* Data.swift */; };
		2B0F01CC244B925500239832 /* GridView.swift in Sources */ = {isa = PBXBuildFile; fileRef = 2B88F03A244083D900452A83 /* GridView.swift */; };
		2B0F021D244B991100239832 /* Sounds in Resources */ = {isa = PBXBuildFile; fileRef = 2B88F03224407BE300452A83 /* Sounds */; };
		2B0F021F244B991100239832 /* 游泳池.m4a in Resources */ = {isa = PBXBuildFile; fileRef = 2BE3771B242B06320012F285 /* 游泳池.m4a */; };
		2B0F0220244B991100239832 /* 小溪.m4a in Resources */ = {isa = PBXBuildFile; fileRef = 2BE3771C242B06320012F285 /* 小溪.m4a */; };
		2B0F0221244B991100239832 /* 雾林柔雨.m4a in Resources */ = {isa = PBXBuildFile; fileRef = 2BE3771D242B06320012F285 /* 雾林柔雨.m4a */; };
		2B0F0222244B991100239832 /* 小鸭戏水.m4a in Resources */ = {isa = PBXBuildFile; fileRef = 2BE3771E242B06320012F285 /* 小鸭戏水.m4a */; };
		2B0F0223244B991100239832 /* 鸬鹚.m4a in Resources */ = {isa = PBXBuildFile; fileRef = 2BE3771F242B06320012F285 /* 鸬鹚.m4a */; };
		2B0F0224244B991100239832 /* 溪流雪融.m4a in Resources */ = {isa = PBXBuildFile; fileRef = 2BE37720242B06320012F285 /* 溪流雪融.m4a */; };
		2B0F0225244B991100239832 /* 春雷.m4a in Resources */ = {isa = PBXBuildFile; fileRef = 2BE37721242B06320012F285 /* 春雷.m4a */; };
		2B0F0226244B991100239832 /* 割草机.m4a in Resources */ = {isa = PBXBuildFile; fileRef = 2BE37723242B06320012F285 /* 割草机.m4a */; };
		2B0F0227244B991100239832 /* 船舱.m4a in Resources */ = {isa = PBXBuildFile; fileRef = 2BE37724242B06320012F285 /* 船舱.m4a */; };
		2B0F0228244B991100239832 /* 踏雪.m4a in Resources */ = {isa = PBXBuildFile; fileRef = 2BE37725242B06320012F285 /* 踏雪.m4a */; };
		2B0F0229244B991100239832 /* 孤岛.m4a in Resources */ = {isa = PBXBuildFile; fileRef = 2BE37726242B06320012F285 /* 孤岛.m4a */; };
		2B0F022A244B991100239832 /* 纽约地铁口.m4a in Resources */ = {isa = PBXBuildFile; fileRef = 2BE37727242B06320012F285 /* 纽约地铁口.m4a */; };
		2B0F022B244B991100239832 /* 老电视.m4a in Resources */ = {isa = PBXBuildFile; fileRef = 2BE37728242B06320012F285 /* 老电视.m4a */; };
		2B0F022C244B991100239832 /* 荒野.m4a in Resources */ = {isa = PBXBuildFile; fileRef = 2BE37729242B06320012F285 /* 荒野.m4a */; };
		2B0F022D244B991100239832 /* 秋日孤鸟.m4a in Resources */ = {isa = PBXBuildFile; fileRef = 2BE3772A242B06320012F285 /* 秋日孤鸟.m4a */; };
		2B0F022E244B991100239832 /* 沐浴.m4a in Resources */ = {isa = PBXBuildFile; fileRef = 2BE3772B242B06320012F285 /* 沐浴.m4a */; };
		2B0F022F244B991100239832 /* 夏夜.m4a in Resources */ = {isa = PBXBuildFile; fileRef = 2BE3772C242B06320012F285 /* 夏夜.m4a */; };
		2B0F0230244B991100239832 /* 雪林.m4a in Resources */ = {isa = PBXBuildFile; fileRef = 2BE3772D242B06320012F285 /* 雪林.m4a */; };
		2B0F0231244B991100239832 /* 壁炉.m4a in Resources */ = {isa = PBXBuildFile; fileRef = 2BE3772E242B06320012F285 /* 壁炉.m4a */; };
		2B0F0232244B991100239832 /* 高跟鞋.m4a in Resources */ = {isa = PBXBuildFile; fileRef = 2BE3772F242B06320012F285 /* 高跟鞋.m4a */; };
		2B0F0233244B991100239832 /* 折纸.m4a in Resources */ = {isa = PBXBuildFile; fileRef = 2BE37730242B06320012F285 /* 折纸.m4a */; };
		2B0F0234244B991100239832 /* 雨伞.m4a in Resources */ = {isa = PBXBuildFile; fileRef = 2BE37731242B06320012F285 /* 雨伞.m4a */; };
		2B0F0235244B991100239832 /* 海与鸟.m4a in Resources */ = {isa = PBXBuildFile; fileRef = 2BE37732242B06320012F285 /* 海与鸟.m4a */; };
		2B0F0236244B991100239832 /* 冬雪压枝.m4a in Resources */ = {isa = PBXBuildFile; fileRef = 2BE37733242B06320012F285 /* 冬雪压枝.m4a */; };
		2B0F0237244B991100239832 /* 仙女棒.m4a in Resources */ = {isa = PBXBuildFile; fileRef = 2BE37734242B06320012F285 /* 仙女棒.m4a */; };
		2B0F0238244B991100239832 /* 帐篷雨.m4a in Resources */ = {isa = PBXBuildFile; fileRef = 2BE37735242B06320012F285 /* 帐篷雨.m4a */; };
		2B0F0239244B991100239832 /* 后院虫鸣.m4a in Resources */ = {isa = PBXBuildFile; fileRef = 2BE37736242B06320012F285 /* 后院虫鸣.m4a */; };
		2B0F023A244B991100239832 /* 翻书.m4a in Resources */ = {isa = PBXBuildFile; fileRef = 2BE37737242B06320012F285 /* 翻书.m4a */; };
		2B0F023B244B991100239832 /* 雨滴洒落.m4a in Resources */ = {isa = PBXBuildFile; fileRef = 2BE37738242B06320012F285 /* 雨滴洒落.m4a */; };
		2B0F023C244B991100239832 /* 河流.m4a in Resources */ = {isa = PBXBuildFile; fileRef = 2BE37739242B06320012F285 /* 河流.m4a */; };
		2B0F023D244B991100239832 /* 波音客机.m4a in Resources */ = {isa = PBXBuildFile; fileRef = 2BE3773A242B06320012F285 /* 波音客机.m4a */; };
		2B0F023E244B991100239832 /* 图书馆.m4a in Resources */ = {isa = PBXBuildFile; fileRef = 2BE3773B242B06320012F285 /* 图书馆.m4a */; };
		2B0F023F244B991100239832 /* 野炊.m4a in Resources */ = {isa = PBXBuildFile; fileRef = 2BE3773C242B06320012F285 /* 野炊.m4a */; };
		2B0F0240244B991200239832 /* 风铃.m4a in Resources */ = {isa = PBXBuildFile; fileRef = 2BE3773D242B06320012F285 /* 风铃.m4a */; };
		2B0F0241244B991200239832 /* 老钟.m4a in Resources */ = {isa = PBXBuildFile; fileRef = 2BE3773E242B06320012F285 /* 老钟.m4a */; };
		2B0F0242244B991200239832 /* 林风.m4a in Resources */ = {isa = PBXBuildFile; fileRef = 2BE3773F242B06320012F285 /* 林风.m4a */; };
		2B0F0243244B991200239832 /* 雨后.m4a in Resources */ = {isa = PBXBuildFile; fileRef = 2BE37740242B06320012F285 /* 雨后.m4a */; };
		2B0F0244244B991200239832 /* 雷暴雨.m4a in Resources */ = {isa = PBXBuildFile; fileRef = 2BE37741242B06320012F285 /* 雷暴雨.m4a */; };
		2B0F0245244B991200239832 /* 刨木.m4a in Resources */ = {isa = PBXBuildFile; fileRef = 2BE37742242B06320012F285 /* 刨木.m4a */; };
		2B0F0246244B991200239832 /* 碎石路.m4a in Resources */ = {isa = PBXBuildFile; fileRef = 2BE37743242B06320012F285 /* 碎石路.m4a */; };
		2B0F0247244B991200239832 /* 水边自然.m4a in Resources */ = {isa = PBXBuildFile; fileRef = 2BE37744242B06320012F285 /* 水边自然.m4a */; };
		2B0F0248244B991200239832 /* 慢敲打字机.m4a in Resources */ = {isa = PBXBuildFile; fileRef = 2BE37745242B06320012F285 /* 慢敲打字机.m4a */; };
		2B0F0249244B991200239832 /* 柴火.m4a in Resources */ = {isa = PBXBuildFile; fileRef = 2BE37746242B06320012F285 /* 柴火.m4a */; };
		2B0F024A244B991200239832 /* 水落屋檐.m4a in Resources */ = {isa = PBXBuildFile; fileRef = 2BE37747242B06320012F285 /* 水落屋檐.m4a */; };
		2B0F024B244B991200239832 /* 雨村清晨.m4a in Resources */ = {isa = PBXBuildFile; fileRef = 2BE37748242B06320012F285 /* 雨村清晨.m4a */; };
		2B0F024C244B991200239832 /* 冰雹雨.m4a in Resources */ = {isa = PBXBuildFile; fileRef = 2BE37749242B06320012F285 /* 冰雹雨.m4a */; };
		2B0F024D244B991200239832 /* 雨林.m4a in Resources */ = {isa = PBXBuildFile; fileRef = 2BE3774A242B06320012F285 /* 雨林.m4a */; };
		2B0F024E244B991200239832 /* 咖啡馆.m4a in Resources */ = {isa = PBXBuildFile; fileRef = 2BE3774B242B06320012F285 /* 咖啡馆.m4a */; };
		2B0F024F244B991200239832 /* 风之原野.m4a in Resources */ = {isa = PBXBuildFile; fileRef = 2BE3774C242B06320012F285 /* 风之原野.m4a */; };
		2B0F0250244B991200239832 /* 打字机.m4a in Resources */ = {isa = PBXBuildFile; fileRef = 2BE3774D242B06320012F285 /* 打字机.m4a */; };
		2B0F0251244B991200239832 /* 水滴空灵.m4a in Resources */ = {isa = PBXBuildFile; fileRef = 2BE3774E242B06320012F285 /* 水滴空灵.m4a */; };
		2B0F0252244B991200239832 /* 瀑布.m4a in Resources */ = {isa = PBXBuildFile; fileRef = 2BE3774F242B06320012F285 /* 瀑布.m4a */; };
		2B0F0253244B991200239832 /* 落尘唱片.m4a in Resources */ = {isa = PBXBuildFile; fileRef = 2BE37750242B06320012F285 /* 落尘唱片.m4a */; };
		2B0F0254244B991200239832 /* 篮球场.m4a in Resources */ = {isa = PBXBuildFile; fileRef = 2BE37751242B06320012F285 /* 篮球场.m4a */; };
		2B0F0255244B991200239832 /* 厨房.m4a in Resources */ = {isa = PBXBuildFile; fileRef = 2BE37752242B06320012F285 /* 厨房.m4a */; };
		2B0F0256244B991200239832 /* 薄片.m4a in Resources */ = {isa = PBXBuildFile; fileRef = 2BE37753242B06320012F285 /* 薄片.m4a */; };
		2B0F0257244B991200239832 /* 屋顶风雨.m4a in Resources */ = {isa = PBXBuildFile; fileRef = 2BE37754242B06320012F285 /* 屋顶风雨.m4a */; };
		2B0F0258244B991200239832 /* 木风铃.m4a in Resources */ = {isa = PBXBuildFile; fileRef = 2BE37755242B06320012F285 /* 木风铃.m4a */; };
		2B0F0259244B991200239832 /* 粉噪.m4a in Resources */ = {isa = PBXBuildFile; fileRef = 2BE37756242B06320012F285 /* 粉噪.m4a */; };
		2B0F025A244B991200239832 /* 游乐场.m4a in Resources */ = {isa = PBXBuildFile; fileRef = 2BE37757242B06320012F285 /* 游乐场.m4a */; };
		2B0F025B244B991200239832 /* 落雨潜海.m4a in Resources */ = {isa = PBXBuildFile; fileRef = 2BE37758242B06320012F285 /* 落雨潜海.m4a */; };
		2B0F025C244B991200239832 /* 冰裂.m4a in Resources */ = {isa = PBXBuildFile; fileRef = 2BE37759242B06320012F285 /* 冰裂.m4a */; };
		2B0F025D244B991200239832 /* 湖浪抚石.m4a in Resources */ = {isa = PBXBuildFile; fileRef = 2BE3775A242B06320012F285 /* 湖浪抚石.m4a */; };
		2B0F025E244B991200239832 /* 牛羊.m4a in Resources */ = {isa = PBXBuildFile; fileRef = 2BE3775B242B06320012F285 /* 牛羊.m4a */; };
		2B0F025F244B991200239832 /* 雨夜行车.m4a in Resources */ = {isa = PBXBuildFile; fileRef = 2BE3775C242B06320012F285 /* 雨夜行车.m4a */; };
		2B0F0260244B991200239832 /* 吊扇.m4a in Resources */ = {isa = PBXBuildFile; fileRef = 2BE3775D242B06320012F285 /* 吊扇.m4a */; };
		2B0F0261244B991200239832 /* 清晨鸟雀.m4a in Resources */ = {isa = PBXBuildFile; fileRef = 2BE3775E242B06320012F285 /* 清晨鸟雀.m4a */; };
		2B0F0262244B991200239832 /* 卧室听风.m4a in Resources */ = {isa = PBXBuildFile; fileRef = 2BE3775F242B06320012F285 /* 卧室听风.m4a */; };
		2B0F0263244B991200239832 /* 细冰雹.m4a in Resources */ = {isa = PBXBuildFile; fileRef = 2BE37760242B06320012F285 /* 细冰雹.m4a */; };
		2B0F0264244B991200239832 /* 古庙风钟.m4a in Resources */ = {isa = PBXBuildFile; fileRef = 2BE37761242B06320012F285 /* 古庙风钟.m4a */; };
		2B0F0265244B991200239832 /* 露水踏叶.m4a in Resources */ = {isa = PBXBuildFile; fileRef = 2BE37762242B06320012F285 /* 露水踏叶.m4a */; };
		2B0F0266244B991200239832 /* 石洞.m4a in Resources */ = {isa = PBXBuildFile; fileRef = 2BE37763242B06320012F285 /* 石洞.m4a */; };
		2B0F0267244B991200239832 /* 石路单车.m4a in Resources */ = {isa = PBXBuildFile; fileRef = 2BE37764242B06320012F285 /* 石路单车.m4a */; };
		2B0F0268244B991200239832 /* 滂沱大雨.m4a in Resources */ = {isa = PBXBuildFile; fileRef = 2BE37765242B06320012F285 /* 滂沱大雨.m4a */; };
		2B0F0269244B991200239832 /* 键盘.m4a in Resources */ = {isa = PBXBuildFile; fileRef = 2BE37766242B06320012F285 /* 键盘.m4a */; };
		2B0F026A244B991200239832 /* 竹风铃.m4a in Resources */ = {isa = PBXBuildFile; fileRef = 2BE37767242B06320012F285 /* 竹风铃.m4a */; };
		2B0F026B244B991200239832 /* 白噪音.m4a in Resources */ = {isa = PBXBuildFile; fileRef = 2BE37768242B06320012F285 /* 白噪音.m4a */; };
		2B0F026C244B991200239832 /* 细雨.m4a in Resources */ = {isa = PBXBuildFile; fileRef = 2BE37769242B06320012F285 /* 细雨.m4a */; };
		2B0F026D244C488C00239832 /* Assets.xcassets in Resources */ = {isa = PBXBuildFile; fileRef = 2B7D726A2425BC060098BAD5 /* Assets.xcassets */; };
		2B0F026F244C4A6100239832 /* SoundCardView.swift in Sources */ = {isa = PBXBuildFile; fileRef = 2B0F026E244C4A6100239832 /* SoundCardView.swift */; };
		2B0F0273244C593100239832 /* SoundIndexesForMac.json in Resources */ = {isa = PBXBuildFile; fileRef = 2B0F0272244C588900239832 /* SoundIndexesForMac.json */; };
		2B3CFC08244095690038E642 /* SubSoundsView.swift in Sources */ = {isa = PBXBuildFile; fileRef = 2B3CFC07244095690038E642 /* SubSoundsView.swift */; };
		2B3CFC0A2440969B0038E642 /* MainSoundView.swift in Sources */ = {isa = PBXBuildFile; fileRef = 2B3CFC092440969B0038E642 /* MainSoundView.swift */; };
		2B3CFC0C2440A3200038E642 /* BottomBarView.swift in Sources */ = {isa = PBXBuildFile; fileRef = 2B3CFC0B2440A3200038E642 /* BottomBarView.swift */; };
		2B3D227B2445EC0700C6C31A /* VisualEffectView.swift in Sources */ = {isa = PBXBuildFile; fileRef = 2B3D227A2445EC0700C6C31A /* VisualEffectView.swift */; };
		2B7D72652425BC020098BAD5 /* AppDelegate.swift in Sources */ = {isa = PBXBuildFile; fileRef = 2B7D72642425BC020098BAD5 /* AppDelegate.swift */; };
		2B7D72672425BC020098BAD5 /* SceneDelegate.swift in Sources */ = {isa = PBXBuildFile; fileRef = 2B7D72662425BC020098BAD5 /* SceneDelegate.swift */; };
		2B7D72692425BC020098BAD5 /* ContentView.swift in Sources */ = {isa = PBXBuildFile; fileRef = 2B7D72682425BC020098BAD5 /* ContentView.swift */; };
		2B7D726B2425BC060098BAD5 /* Assets.xcassets in Resources */ = {isa = PBXBuildFile; fileRef = 2B7D726A2425BC060098BAD5 /* Assets.xcassets */; };
		2B7D726E2425BC060098BAD5 /* Preview Assets.xcassets in Resources */ = {isa = PBXBuildFile; fileRef = 2B7D726D2425BC060098BAD5 /* Preview Assets.xcassets */; };
		2B7D72712425BC060098BAD5 /* LaunchScreen.storyboard in Resources */ = {isa = PBXBuildFile; fileRef = 2B7D726F2425BC060098BAD5 /* LaunchScreen.storyboard */; };
		2B7D729A2425BEF80098BAD5 /* Player.swift in Sources */ = {isa = PBXBuildFile; fileRef = 2B7D72992425BEF80098BAD5 /* Player.swift */; };
		2B88F03324407BE400452A83 /* Sounds in Resources */ = {isa = PBXBuildFile; fileRef = 2B88F03224407BE300452A83 /* Sounds */; };
		2B88F040244083DA00452A83 /* SubSoundCardView.swift in Sources */ = {isa = PBXBuildFile; fileRef = 2B88F036244083D900452A83 /* SubSoundCardView.swift */; };
		2B88F042244083DA00452A83 /* MainSoundCardView.swift in Sources */ = {isa = PBXBuildFile; fileRef = 2B88F038244083D900452A83 /* MainSoundCardView.swift */; };
		2B88F043244083DA00452A83 /* BackgroundView.swift in Sources */ = {isa = PBXBuildFile; fileRef = 2B88F039244083D900452A83 /* BackgroundView.swift */; };
		2B88F044244083DA00452A83 /* GridView.swift in Sources */ = {isa = PBXBuildFile; fileRef = 2B88F03A244083D900452A83 /* GridView.swift */; };
		2B88F045244083DA00452A83 /* SoundLibraryView.swift in Sources */ = {isa = PBXBuildFile; fileRef = 2B88F03B244083D900452A83 /* SoundLibraryView.swift */; };
		2B88F046244083DA00452A83 /* HomeView.swift in Sources */ = {isa = PBXBuildFile; fileRef = 2B88F03C244083DA00452A83 /* HomeView.swift */; };
		2B88F048244083DA00452A83 /* PlayListView.swift in Sources */ = {isa = PBXBuildFile; fileRef = 2B88F03E244083DA00452A83 /* PlayListView.swift */; };
		2B88F049244083DA00452A83 /* TimerView.swift in Sources */ = {isa = PBXBuildFile; fileRef = 2B88F03F244083DA00452A83 /* TimerView.swift */; };
		2B991170242C8E5F007E7FEA /* ExternalAccessory.framework in Frameworks */ = {isa = PBXBuildFile; fileRef = 2B99116F242C8E5F007E7FEA /* ExternalAccessory.framework */; };
		2BB1C9EA244CC91800437DDA /* Player.swift in Sources */ = {isa = PBXBuildFile; fileRef = 2B7D72992425BEF80098BAD5 /* Player.swift */; };
		2BB3360B2448CB67005B5300 /* TimerViewModel.swift in Sources */ = {isa = PBXBuildFile; fileRef = 2BB3360A2448CB67005B5300 /* TimerViewModel.swift */; };
		2BB3360E2449AD6E005B5300 /* FlipViewModel.swift in Sources */ = {isa = PBXBuildFile; fileRef = 2BB3360D2449AD6E005B5300 /* FlipViewModel.swift */; };
		2BB336122449AD80005B5300 /* FlipView.swift in Sources */ = {isa = PBXBuildFile; fileRef = 2BB3360F2449AD80005B5300 /* FlipView.swift */; };
		2BB336142449AD80005B5300 /* SingleFlipView.swift in Sources */ = {isa = PBXBuildFile; fileRef = 2BB336112449AD80005B5300 /* SingleFlipView.swift */; };
		2BB336172449B0B6005B5300 /* ColorExtension.swift in Sources */ = {isa = PBXBuildFile; fileRef = 2BB336162449B0B6005B5300 /* ColorExtension.swift */; };
		2BC4FECD244B8DEC0091D65C /* HomeView.swift in Sources */ = {isa = PBXBuildFile; fileRef = 2BC4FECC244B8DEC0091D65C /* HomeView.swift */; };
		2BD3F44224445AF60007FCB1 /* SaveMixView.swift in Sources */ = {isa = PBXBuildFile; fileRef = 2BD3F44124445AF60007FCB1 /* SaveMixView.swift */; };
		2BD5B4B7244B71650085221E /* AppDelegate.swift in Sources */ = {isa = PBXBuildFile; fileRef = 2BD5B4B6244B71650085221E /* AppDelegate.swift */; };
		2BD5B4B9244B71650085221E /* ContentView.swift in Sources */ = {isa = PBXBuildFile; fileRef = 2BD5B4B8244B71650085221E /* ContentView.swift */; };
		2BD5B4BE244B71670085221E /* Preview Assets.xcassets in Resources */ = {isa = PBXBuildFile; fileRef = 2BD5B4BD244B71670085221E /* Preview Assets.xcassets */; };
		2BD5B4C1244B71670085221E /* Main.storyboard in Resources */ = {isa = PBXBuildFile; fileRef = 2BD5B4BF244B71670085221E /* Main.storyboard */; };
		2BE3776A242B06320012F285 /* 游泳池.m4a in Resources */ = {isa = PBXBuildFile; fileRef = 2BE3771B242B06320012F285 /* 游泳池.m4a */; };
		2BE3776B242B06320012F285 /* 小溪.m4a in Resources */ = {isa = PBXBuildFile; fileRef = 2BE3771C242B06320012F285 /* 小溪.m4a */; };
		2BE3776C242B06320012F285 /* 雾林柔雨.m4a in Resources */ = {isa = PBXBuildFile; fileRef = 2BE3771D242B06320012F285 /* 雾林柔雨.m4a */; };
		2BE3776D242B06320012F285 /* 小鸭戏水.m4a in Resources */ = {isa = PBXBuildFile; fileRef = 2BE3771E242B06320012F285 /* 小鸭戏水.m4a */; };
		2BE3776E242B06320012F285 /* 鸬鹚.m4a in Resources */ = {isa = PBXBuildFile; fileRef = 2BE3771F242B06320012F285 /* 鸬鹚.m4a */; };
		2BE3776F242B06320012F285 /* 溪流雪融.m4a in Resources */ = {isa = PBXBuildFile; fileRef = 2BE37720242B06320012F285 /* 溪流雪融.m4a */; };
		2BE37770242B06320012F285 /* 春雷.m4a in Resources */ = {isa = PBXBuildFile; fileRef = 2BE37721242B06320012F285 /* 春雷.m4a */; };
		2BE37771242B06320012F285 /* SoundIndexesForIOS.json in Resources */ = {isa = PBXBuildFile; fileRef = 2BE37722242B06320012F285 /* SoundIndexesForIOS.json */; };
		2BE37772242B06320012F285 /* 割草机.m4a in Resources */ = {isa = PBXBuildFile; fileRef = 2BE37723242B06320012F285 /* 割草机.m4a */; };
		2BE37773242B06320012F285 /* 船舱.m4a in Resources */ = {isa = PBXBuildFile; fileRef = 2BE37724242B06320012F285 /* 船舱.m4a */; };
		2BE37774242B06320012F285 /* 踏雪.m4a in Resources */ = {isa = PBXBuildFile; fileRef = 2BE37725242B06320012F285 /* 踏雪.m4a */; };
		2BE37775242B06320012F285 /* 孤岛.m4a in Resources */ = {isa = PBXBuildFile; fileRef = 2BE37726242B06320012F285 /* 孤岛.m4a */; };
		2BE37776242B06320012F285 /* 纽约地铁口.m4a in Resources */ = {isa = PBXBuildFile; fileRef = 2BE37727242B06320012F285 /* 纽约地铁口.m4a */; };
		2BE37777242B06320012F285 /* 老电视.m4a in Resources */ = {isa = PBXBuildFile; fileRef = 2BE37728242B06320012F285 /* 老电视.m4a */; };
		2BE37778242B06320012F285 /* 荒野.m4a in Resources */ = {isa = PBXBuildFile; fileRef = 2BE37729242B06320012F285 /* 荒野.m4a */; };
		2BE37779242B06320012F285 /* 秋日孤鸟.m4a in Resources */ = {isa = PBXBuildFile; fileRef = 2BE3772A242B06320012F285 /* 秋日孤鸟.m4a */; };
		2BE3777A242B06320012F285 /* 沐浴.m4a in Resources */ = {isa = PBXBuildFile; fileRef = 2BE3772B242B06320012F285 /* 沐浴.m4a */; };
		2BE3777B242B06320012F285 /* 夏夜.m4a in Resources */ = {isa = PBXBuildFile; fileRef = 2BE3772C242B06320012F285 /* 夏夜.m4a */; };
		2BE3777C242B06320012F285 /* 雪林.m4a in Resources */ = {isa = PBXBuildFile; fileRef = 2BE3772D242B06320012F285 /* 雪林.m4a */; };
		2BE3777D242B06320012F285 /* 壁炉.m4a in Resources */ = {isa = PBXBuildFile; fileRef = 2BE3772E242B06320012F285 /* 壁炉.m4a */; };
		2BE3777E242B06320012F285 /* 高跟鞋.m4a in Resources */ = {isa = PBXBuildFile; fileRef = 2BE3772F242B06320012F285 /* 高跟鞋.m4a */; };
		2BE3777F242B06320012F285 /* 折纸.m4a in Resources */ = {isa = PBXBuildFile; fileRef = 2BE37730242B06320012F285 /* 折纸.m4a */; };
		2BE37780242B06320012F285 /* 雨伞.m4a in Resources */ = {isa = PBXBuildFile; fileRef = 2BE37731242B06320012F285 /* 雨伞.m4a */; };
		2BE37781242B06320012F285 /* 海与鸟.m4a in Resources */ = {isa = PBXBuildFile; fileRef = 2BE37732242B06320012F285 /* 海与鸟.m4a */; };
		2BE37782242B06320012F285 /* 冬雪压枝.m4a in Resources */ = {isa = PBXBuildFile; fileRef = 2BE37733242B06320012F285 /* 冬雪压枝.m4a */; };
		2BE37783242B06320012F285 /* 仙女棒.m4a in Resources */ = {isa = PBXBuildFile; fileRef = 2BE37734242B06320012F285 /* 仙女棒.m4a */; };
		2BE37784242B06320012F285 /* 帐篷雨.m4a in Resources */ = {isa = PBXBuildFile; fileRef = 2BE37735242B06320012F285 /* 帐篷雨.m4a */; };
		2BE37785242B06320012F285 /* 后院虫鸣.m4a in Resources */ = {isa = PBXBuildFile; fileRef = 2BE37736242B06320012F285 /* 后院虫鸣.m4a */; };
		2BE37786242B06320012F285 /* 翻书.m4a in Resources */ = {isa = PBXBuildFile; fileRef = 2BE37737242B06320012F285 /* 翻书.m4a */; };
		2BE37787242B06320012F285 /* 雨滴洒落.m4a in Resources */ = {isa = PBXBuildFile; fileRef = 2BE37738242B06320012F285 /* 雨滴洒落.m4a */; };
		2BE37788242B06320012F285 /* 河流.m4a in Resources */ = {isa = PBXBuildFile; fileRef = 2BE37739242B06320012F285 /* 河流.m4a */; };
		2BE37789242B06320012F285 /* 波音客机.m4a in Resources */ = {isa = PBXBuildFile; fileRef = 2BE3773A242B06320012F285 /* 波音客机.m4a */; };
		2BE3778A242B06320012F285 /* 图书馆.m4a in Resources */ = {isa = PBXBuildFile; fileRef = 2BE3773B242B06320012F285 /* 图书馆.m4a */; };
		2BE3778B242B06320012F285 /* 野炊.m4a in Resources */ = {isa = PBXBuildFile; fileRef = 2BE3773C242B06320012F285 /* 野炊.m4a */; };
		2BE3778C242B06320012F285 /* 风铃.m4a in Resources */ = {isa = PBXBuildFile; fileRef = 2BE3773D242B06320012F285 /* 风铃.m4a */; };
		2BE3778D242B06320012F285 /* 老钟.m4a in Resources */ = {isa = PBXBuildFile; fileRef = 2BE3773E242B06320012F285 /* 老钟.m4a */; };
		2BE3778E242B06320012F285 /* 林风.m4a in Resources */ = {isa = PBXBuildFile; fileRef = 2BE3773F242B06320012F285 /* 林风.m4a */; };
		2BE3778F242B06320012F285 /* 雨后.m4a in Resources */ = {isa = PBXBuildFile; fileRef = 2BE37740242B06320012F285 /* 雨后.m4a */; };
		2BE37790242B06320012F285 /* 雷暴雨.m4a in Resources */ = {isa = PBXBuildFile; fileRef = 2BE37741242B06320012F285 /* 雷暴雨.m4a */; };
		2BE37791242B06320012F285 /* 刨木.m4a in Resources */ = {isa = PBXBuildFile; fileRef = 2BE37742242B06320012F285 /* 刨木.m4a */; };
		2BE37792242B06320012F285 /* 碎石路.m4a in Resources */ = {isa = PBXBuildFile; fileRef = 2BE37743242B06320012F285 /* 碎石路.m4a */; };
		2BE37793242B06320012F285 /* 水边自然.m4a in Resources */ = {isa = PBXBuildFile; fileRef = 2BE37744242B06320012F285 /* 水边自然.m4a */; };
		2BE37794242B06320012F285 /* 慢敲打字机.m4a in Resources */ = {isa = PBXBuildFile; fileRef = 2BE37745242B06320012F285 /* 慢敲打字机.m4a */; };
		2BE37795242B06320012F285 /* 柴火.m4a in Resources */ = {isa = PBXBuildFile; fileRef = 2BE37746242B06320012F285 /* 柴火.m4a */; };
		2BE37796242B06320012F285 /* 水落屋檐.m4a in Resources */ = {isa = PBXBuildFile; fileRef = 2BE37747242B06320012F285 /* 水落屋檐.m4a */; };
		2BE37797242B06320012F285 /* 雨村清晨.m4a in Resources */ = {isa = PBXBuildFile; fileRef = 2BE37748242B06320012F285 /* 雨村清晨.m4a */; };
		2BE37798242B06320012F285 /* 冰雹雨.m4a in Resources */ = {isa = PBXBuildFile; fileRef = 2BE37749242B06320012F285 /* 冰雹雨.m4a */; };
		2BE37799242B06320012F285 /* 雨林.m4a in Resources */ = {isa = PBXBuildFile; fileRef = 2BE3774A242B06320012F285 /* 雨林.m4a */; };
		2BE3779A242B06320012F285 /* 咖啡馆.m4a in Resources */ = {isa = PBXBuildFile; fileRef = 2BE3774B242B06320012F285 /* 咖啡馆.m4a */; };
		2BE3779B242B06320012F285 /* 风之原野.m4a in Resources */ = {isa = PBXBuildFile; fileRef = 2BE3774C242B06320012F285 /* 风之原野.m4a */; };
		2BE3779C242B06320012F285 /* 打字机.m4a in Resources */ = {isa = PBXBuildFile; fileRef = 2BE3774D242B06320012F285 /* 打字机.m4a */; };
		2BE3779D242B06320012F285 /* 水滴空灵.m4a in Resources */ = {isa = PBXBuildFile; fileRef = 2BE3774E242B06320012F285 /* 水滴空灵.m4a */; };
		2BE3779E242B06320012F285 /* 瀑布.m4a in Resources */ = {isa = PBXBuildFile; fileRef = 2BE3774F242B06320012F285 /* 瀑布.m4a */; };
		2BE3779F242B06320012F285 /* 落尘唱片.m4a in Resources */ = {isa = PBXBuildFile; fileRef = 2BE37750242B06320012F285 /* 落尘唱片.m4a */; };
		2BE377A0242B06320012F285 /* 篮球场.m4a in Resources */ = {isa = PBXBuildFile; fileRef = 2BE37751242B06320012F285 /* 篮球场.m4a */; };
		2BE377A1242B06320012F285 /* 厨房.m4a in Resources */ = {isa = PBXBuildFile; fileRef = 2BE37752242B06320012F285 /* 厨房.m4a */; };
		2BE377A2242B06320012F285 /* 薄片.m4a in Resources */ = {isa = PBXBuildFile; fileRef = 2BE37753242B06320012F285 /* 薄片.m4a */; };
		2BE377A3242B06320012F285 /* 屋顶风雨.m4a in Resources */ = {isa = PBXBuildFile; fileRef = 2BE37754242B06320012F285 /* 屋顶风雨.m4a */; };
		2BE377A4242B06320012F285 /* 木风铃.m4a in Resources */ = {isa = PBXBuildFile; fileRef = 2BE37755242B06320012F285 /* 木风铃.m4a */; };
		2BE377A5242B06320012F285 /* 粉噪.m4a in Resources */ = {isa = PBXBuildFile; fileRef = 2BE37756242B06320012F285 /* 粉噪.m4a */; };
		2BE377A6242B06320012F285 /* 游乐场.m4a in Resources */ = {isa = PBXBuildFile; fileRef = 2BE37757242B06320012F285 /* 游乐场.m4a */; };
		2BE377A7242B06320012F285 /* 落雨潜海.m4a in Resources */ = {isa = PBXBuildFile; fileRef = 2BE37758242B06320012F285 /* 落雨潜海.m4a */; };
		2BE377A8242B06320012F285 /* 冰裂.m4a in Resources */ = {isa = PBXBuildFile; fileRef = 2BE37759242B06320012F285 /* 冰裂.m4a */; };
		2BE377A9242B06320012F285 /* 湖浪抚石.m4a in Resources */ = {isa = PBXBuildFile; fileRef = 2BE3775A242B06320012F285 /* 湖浪抚石.m4a */; };
		2BE377AA242B06320012F285 /* 牛羊.m4a in Resources */ = {isa = PBXBuildFile; fileRef = 2BE3775B242B06320012F285 /* 牛羊.m4a */; };
		2BE377AB242B06320012F285 /* 雨夜行车.m4a in Resources */ = {isa = PBXBuildFile; fileRef = 2BE3775C242B06320012F285 /* 雨夜行车.m4a */; };
		2BE377AC242B06320012F285 /* 吊扇.m4a in Resources */ = {isa = PBXBuildFile; fileRef = 2BE3775D242B06320012F285 /* 吊扇.m4a */; };
		2BE377AD242B06320012F285 /* 清晨鸟雀.m4a in Resources */ = {isa = PBXBuildFile; fileRef = 2BE3775E242B06320012F285 /* 清晨鸟雀.m4a */; };
		2BE377AE242B06320012F285 /* 卧室听风.m4a in Resources */ = {isa = PBXBuildFile; fileRef = 2BE3775F242B06320012F285 /* 卧室听风.m4a */; };
		2BE377AF242B06320012F285 /* 细冰雹.m4a in Resources */ = {isa = PBXBuildFile; fileRef = 2BE37760242B06320012F285 /* 细冰雹.m4a */; };
		2BE377B0242B06320012F285 /* 古庙风钟.m4a in Resources */ = {isa = PBXBuildFile; fileRef = 2BE37761242B06320012F285 /* 古庙风钟.m4a */; };
		2BE377B1242B06320012F285 /* 露水踏叶.m4a in Resources */ = {isa = PBXBuildFile; fileRef = 2BE37762242B06320012F285 /* 露水踏叶.m4a */; };
		2BE377B2242B06320012F285 /* 石洞.m4a in Resources */ = {isa = PBXBuildFile; fileRef = 2BE37763242B06320012F285 /* 石洞.m4a */; };
		2BE377B3242B06320012F285 /* 石路单车.m4a in Resources */ = {isa = PBXBuildFile; fileRef = 2BE37764242B06320012F285 /* 石路单车.m4a */; };
		2BE377B4242B06320012F285 /* 滂沱大雨.m4a in Resources */ = {isa = PBXBuildFile; fileRef = 2BE37765242B06320012F285 /* 滂沱大雨.m4a */; };
		2BE377B5242B06320012F285 /* 键盘.m4a in Resources */ = {isa = PBXBuildFile; fileRef = 2BE37766242B06320012F285 /* 键盘.m4a */; };
		2BE377B6242B06320012F285 /* 竹风铃.m4a in Resources */ = {isa = PBXBuildFile; fileRef = 2BE37767242B06320012F285 /* 竹风铃.m4a */; };
		2BE377B7242B06320012F285 /* 白噪音.m4a in Resources */ = {isa = PBXBuildFile; fileRef = 2BE37768242B06320012F285 /* 白噪音.m4a */; };
		2BE377B8242B06320012F285 /* 细雨.m4a in Resources */ = {isa = PBXBuildFile; fileRef = 2BE37769242B06320012F285 /* 细雨.m4a */; };
		2BE377BD242B06CC0012F285 /* Data.swift in Sources */ = {isa = PBXBuildFile; fileRef = 2BE377BC242B06CC0012F285 /* Data.swift */; };
/* End PBXBuildFile section */

/* Begin PBXFileReference section */
		2B0F026E244C4A6100239832 /* SoundCardView.swift */ = {isa = PBXFileReference; lastKnownFileType = sourcecode.swift; path = SoundCardView.swift; sourceTree = "<group>"; };
		2B0F0272244C588900239832 /* SoundIndexesForMac.json */ = {isa = PBXFileReference; lastKnownFileType = text.json; path = SoundIndexesForMac.json; sourceTree = "<group>"; };
		2B3CFC07244095690038E642 /* SubSoundsView.swift */ = {isa = PBXFileReference; lastKnownFileType = sourcecode.swift; path = SubSoundsView.swift; sourceTree = "<group>"; };
		2B3CFC092440969B0038E642 /* MainSoundView.swift */ = {isa = PBXFileReference; lastKnownFileType = sourcecode.swift; path = MainSoundView.swift; sourceTree = "<group>"; };
		2B3CFC0B2440A3200038E642 /* BottomBarView.swift */ = {isa = PBXFileReference; lastKnownFileType = sourcecode.swift; path = BottomBarView.swift; sourceTree = "<group>"; };
		2B3D227A2445EC0700C6C31A /* VisualEffectView.swift */ = {isa = PBXFileReference; lastKnownFileType = sourcecode.swift; path = VisualEffectView.swift; sourceTree = "<group>"; };
		2B7D72612425BC020098BAD5 /* CyberSpace.app */ = {isa = PBXFileReference; explicitFileType = wrapper.application; includeInIndex = 0; path = CyberSpace.app; sourceTree = BUILT_PRODUCTS_DIR; };
		2B7D72642425BC020098BAD5 /* AppDelegate.swift */ = {isa = PBXFileReference; lastKnownFileType = sourcecode.swift; path = AppDelegate.swift; sourceTree = "<group>"; };
		2B7D72662425BC020098BAD5 /* SceneDelegate.swift */ = {isa = PBXFileReference; lastKnownFileType = sourcecode.swift; path = SceneDelegate.swift; sourceTree = "<group>"; };
		2B7D72682425BC020098BAD5 /* ContentView.swift */ = {isa = PBXFileReference; lastKnownFileType = sourcecode.swift; path = ContentView.swift; sourceTree = "<group>"; };
		2B7D726A2425BC060098BAD5 /* Assets.xcassets */ = {isa = PBXFileReference; lastKnownFileType = folder.assetcatalog; path = Assets.xcassets; sourceTree = "<group>"; };
		2B7D726D2425BC060098BAD5 /* Preview Assets.xcassets */ = {isa = PBXFileReference; lastKnownFileType = folder.assetcatalog; path = "Preview Assets.xcassets"; sourceTree = "<group>"; };
		2B7D72702425BC060098BAD5 /* Base */ = {isa = PBXFileReference; lastKnownFileType = file.storyboard; name = Base; path = Base.lproj/LaunchScreen.storyboard; sourceTree = "<group>"; };
		2B7D72722425BC060098BAD5 /* Info.plist */ = {isa = PBXFileReference; lastKnownFileType = text.plist.xml; path = Info.plist; sourceTree = "<group>"; };
		2B7D72992425BEF80098BAD5 /* Player.swift */ = {isa = PBXFileReference; lastKnownFileType = sourcecode.swift; path = Player.swift; sourceTree = "<group>"; };
		2B88F03224407BE300452A83 /* Sounds */ = {isa = PBXFileReference; lastKnownFileType = folder; path = Sounds; sourceTree = "<group>"; };
		2B88F036244083D900452A83 /* SubSoundCardView.swift */ = {isa = PBXFileReference; fileEncoding = 4; lastKnownFileType = sourcecode.swift; path = SubSoundCardView.swift; sourceTree = "<group>"; };
		2B88F038244083D900452A83 /* MainSoundCardView.swift */ = {isa = PBXFileReference; fileEncoding = 4; lastKnownFileType = sourcecode.swift; path = MainSoundCardView.swift; sourceTree = "<group>"; };
		2B88F039244083D900452A83 /* BackgroundView.swift */ = {isa = PBXFileReference; fileEncoding = 4; lastKnownFileType = sourcecode.swift; path = BackgroundView.swift; sourceTree = "<group>"; };
		2B88F03A244083D900452A83 /* GridView.swift */ = {isa = PBXFileReference; fileEncoding = 4; lastKnownFileType = sourcecode.swift; path = GridView.swift; sourceTree = "<group>"; };
		2B88F03B244083D900452A83 /* SoundLibraryView.swift */ = {isa = PBXFileReference; fileEncoding = 4; lastKnownFileType = sourcecode.swift; path = SoundLibraryView.swift; sourceTree = "<group>"; };
		2B88F03C244083DA00452A83 /* HomeView.swift */ = {isa = PBXFileReference; fileEncoding = 4; lastKnownFileType = sourcecode.swift; path = HomeView.swift; sourceTree = "<group>"; };
		2B88F03E244083DA00452A83 /* PlayListView.swift */ = {isa = PBXFileReference; fileEncoding = 4; lastKnownFileType = sourcecode.swift; path = PlayListView.swift; sourceTree = "<group>"; };
		2B88F03F244083DA00452A83 /* TimerView.swift */ = {isa = PBXFileReference; fileEncoding = 4; lastKnownFileType = sourcecode.swift; path = TimerView.swift; sourceTree = "<group>"; };
		2B99116B242C6069007E7FEA /* UserData.swift */ = {isa = PBXFileReference; lastKnownFileType = sourcecode.swift; path = UserData.swift; sourceTree = "<group>"; };
		2B99116F242C8E5F007E7FEA /* ExternalAccessory.framework */ = {isa = PBXFileReference; lastKnownFileType = wrapper.framework; name = ExternalAccessory.framework; path = System/Library/Frameworks/ExternalAccessory.framework; sourceTree = SDKROOT; };
		2BB3360A2448CB67005B5300 /* TimerViewModel.swift */ = {isa = PBXFileReference; lastKnownFileType = sourcecode.swift; path = TimerViewModel.swift; sourceTree = "<group>"; };
		2BB3360D2449AD6E005B5300 /* FlipViewModel.swift */ = {isa = PBXFileReference; fileEncoding = 4; lastKnownFileType = sourcecode.swift; path = FlipViewModel.swift; sourceTree = "<group>"; };
		2BB3360F2449AD80005B5300 /* FlipView.swift */ = {isa = PBXFileReference; fileEncoding = 4; lastKnownFileType = sourcecode.swift; path = FlipView.swift; sourceTree = "<group>"; };
		2BB336112449AD80005B5300 /* SingleFlipView.swift */ = {isa = PBXFileReference; fileEncoding = 4; lastKnownFileType = sourcecode.swift; path = SingleFlipView.swift; sourceTree = "<group>"; };
		2BB336162449B0B6005B5300 /* ColorExtension.swift */ = {isa = PBXFileReference; fileEncoding = 4; lastKnownFileType = sourcecode.swift; path = ColorExtension.swift; sourceTree = "<group>"; };
		2BC4FECC244B8DEC0091D65C /* HomeView.swift */ = {isa = PBXFileReference; lastKnownFileType = sourcecode.swift; path = HomeView.swift; sourceTree = "<group>"; };
		2BD3F44124445AF60007FCB1 /* SaveMixView.swift */ = {isa = PBXFileReference; lastKnownFileType = sourcecode.swift; path = SaveMixView.swift; sourceTree = "<group>"; };
		2BD5B4B4244B71650085221E /* CyberSpaceForMac.app */ = {isa = PBXFileReference; explicitFileType = wrapper.application; includeInIndex = 0; path = CyberSpaceForMac.app; sourceTree = BUILT_PRODUCTS_DIR; };
		2BD5B4B6244B71650085221E /* AppDelegate.swift */ = {isa = PBXFileReference; lastKnownFileType = sourcecode.swift; path = AppDelegate.swift; sourceTree = "<group>"; };
		2BD5B4B8244B71650085221E /* ContentView.swift */ = {isa = PBXFileReference; lastKnownFileType = sourcecode.swift; path = ContentView.swift; sourceTree = "<group>"; };
		2BD5B4BD244B71670085221E /* Preview Assets.xcassets */ = {isa = PBXFileReference; lastKnownFileType = folder.assetcatalog; path = "Preview Assets.xcassets"; sourceTree = "<group>"; };
		2BD5B4C0244B71670085221E /* Base */ = {isa = PBXFileReference; lastKnownFileType = file.storyboard; name = Base; path = Base.lproj/Main.storyboard; sourceTree = "<group>"; };
		2BD5B4C2244B71670085221E /* Info.plist */ = {isa = PBXFileReference; lastKnownFileType = text.plist.xml; path = Info.plist; sourceTree = "<group>"; };
		2BD5B4C3244B71670085221E /* CyberSpaceForMac.entitlements */ = {isa = PBXFileReference; lastKnownFileType = text.plist.entitlements; path = CyberSpaceForMac.entitlements; sourceTree = "<group>"; };
		2BE3771B242B06320012F285 /* 游泳池.m4a */ = {isa = PBXFileReference; lastKnownFileType = file; path = "游泳池.m4a"; sourceTree = "<group>"; };
		2BE3771C242B06320012F285 /* 小溪.m4a */ = {isa = PBXFileReference; lastKnownFileType = file; path = "小溪.m4a"; sourceTree = "<group>"; };
		2BE3771D242B06320012F285 /* 雾林柔雨.m4a */ = {isa = PBXFileReference; lastKnownFileType = file; path = "雾林柔雨.m4a"; sourceTree = "<group>"; };
		2BE3771E242B06320012F285 /* 小鸭戏水.m4a */ = {isa = PBXFileReference; lastKnownFileType = file; path = "小鸭戏水.m4a"; sourceTree = "<group>"; };
		2BE3771F242B06320012F285 /* 鸬鹚.m4a */ = {isa = PBXFileReference; lastKnownFileType = file; path = "鸬鹚.m4a"; sourceTree = "<group>"; };
		2BE37720242B06320012F285 /* 溪流雪融.m4a */ = {isa = PBXFileReference; lastKnownFileType = file; path = "溪流雪融.m4a"; sourceTree = "<group>"; };
		2BE37721242B06320012F285 /* 春雷.m4a */ = {isa = PBXFileReference; lastKnownFileType = file; path = "春雷.m4a"; sourceTree = "<group>"; };
		2BE37722242B06320012F285 /* SoundIndexesForIOS.json */ = {isa = PBXFileReference; fileEncoding = 4; lastKnownFileType = text.json; path = SoundIndexesForIOS.json; sourceTree = "<group>"; };
		2BE37723242B06320012F285 /* 割草机.m4a */ = {isa = PBXFileReference; lastKnownFileType = file; path = "割草机.m4a"; sourceTree = "<group>"; };
		2BE37724242B06320012F285 /* 船舱.m4a */ = {isa = PBXFileReference; lastKnownFileType = file; path = "船舱.m4a"; sourceTree = "<group>"; };
		2BE37725242B06320012F285 /* 踏雪.m4a */ = {isa = PBXFileReference; lastKnownFileType = file; path = "踏雪.m4a"; sourceTree = "<group>"; };
		2BE37726242B06320012F285 /* 孤岛.m4a */ = {isa = PBXFileReference; lastKnownFileType = file; path = "孤岛.m4a"; sourceTree = "<group>"; };
		2BE37727242B06320012F285 /* 纽约地铁口.m4a */ = {isa = PBXFileReference; lastKnownFileType = file; path = "纽约地铁口.m4a"; sourceTree = "<group>"; };
		2BE37728242B06320012F285 /* 老电视.m4a */ = {isa = PBXFileReference; lastKnownFileType = file; path = "老电视.m4a"; sourceTree = "<group>"; };
		2BE37729242B06320012F285 /* 荒野.m4a */ = {isa = PBXFileReference; lastKnownFileType = file; path = "荒野.m4a"; sourceTree = "<group>"; };
		2BE3772A242B06320012F285 /* 秋日孤鸟.m4a */ = {isa = PBXFileReference; lastKnownFileType = file; path = "秋日孤鸟.m4a"; sourceTree = "<group>"; };
		2BE3772B242B06320012F285 /* 沐浴.m4a */ = {isa = PBXFileReference; lastKnownFileType = file; path = "沐浴.m4a"; sourceTree = "<group>"; };
		2BE3772C242B06320012F285 /* 夏夜.m4a */ = {isa = PBXFileReference; lastKnownFileType = file; path = "夏夜.m4a"; sourceTree = "<group>"; };
		2BE3772D242B06320012F285 /* 雪林.m4a */ = {isa = PBXFileReference; lastKnownFileType = file; path = "雪林.m4a"; sourceTree = "<group>"; };
		2BE3772E242B06320012F285 /* 壁炉.m4a */ = {isa = PBXFileReference; lastKnownFileType = file; path = "壁炉.m4a"; sourceTree = "<group>"; };
		2BE3772F242B06320012F285 /* 高跟鞋.m4a */ = {isa = PBXFileReference; lastKnownFileType = file; path = "高跟鞋.m4a"; sourceTree = "<group>"; };
		2BE37730242B06320012F285 /* 折纸.m4a */ = {isa = PBXFileReference; lastKnownFileType = file; path = "折纸.m4a"; sourceTree = "<group>"; };
		2BE37731242B06320012F285 /* 雨伞.m4a */ = {isa = PBXFileReference; lastKnownFileType = file; path = "雨伞.m4a"; sourceTree = "<group>"; };
		2BE37732242B06320012F285 /* 海与鸟.m4a */ = {isa = PBXFileReference; lastKnownFileType = file; path = "海与鸟.m4a"; sourceTree = "<group>"; };
		2BE37733242B06320012F285 /* 冬雪压枝.m4a */ = {isa = PBXFileReference; lastKnownFileType = file; path = "冬雪压枝.m4a"; sourceTree = "<group>"; };
		2BE37734242B06320012F285 /* 仙女棒.m4a */ = {isa = PBXFileReference; lastKnownFileType = file; path = "仙女棒.m4a"; sourceTree = "<group>"; };
		2BE37735242B06320012F285 /* 帐篷雨.m4a */ = {isa = PBXFileReference; lastKnownFileType = file; path = "帐篷雨.m4a"; sourceTree = "<group>"; };
		2BE37736242B06320012F285 /* 后院虫鸣.m4a */ = {isa = PBXFileReference; lastKnownFileType = file; path = "后院虫鸣.m4a"; sourceTree = "<group>"; };
		2BE37737242B06320012F285 /* 翻书.m4a */ = {isa = PBXFileReference; lastKnownFileType = file; path = "翻书.m4a"; sourceTree = "<group>"; };
		2BE37738242B06320012F285 /* 雨滴洒落.m4a */ = {isa = PBXFileReference; lastKnownFileType = file; path = "雨滴洒落.m4a"; sourceTree = "<group>"; };
		2BE37739242B06320012F285 /* 河流.m4a */ = {isa = PBXFileReference; lastKnownFileType = file; path = "河流.m4a"; sourceTree = "<group>"; };
		2BE3773A242B06320012F285 /* 波音客机.m4a */ = {isa = PBXFileReference; lastKnownFileType = file; path = "波音客机.m4a"; sourceTree = "<group>"; };
		2BE3773B242B06320012F285 /* 图书馆.m4a */ = {isa = PBXFileReference; lastKnownFileType = file; path = "图书馆.m4a"; sourceTree = "<group>"; };
		2BE3773C242B06320012F285 /* 野炊.m4a */ = {isa = PBXFileReference; lastKnownFileType = file; path = "野炊.m4a"; sourceTree = "<group>"; };
		2BE3773D242B06320012F285 /* 风铃.m4a */ = {isa = PBXFileReference; lastKnownFileType = file; path = "风铃.m4a"; sourceTree = "<group>"; };
		2BE3773E242B06320012F285 /* 老钟.m4a */ = {isa = PBXFileReference; lastKnownFileType = file; path = "老钟.m4a"; sourceTree = "<group>"; };
		2BE3773F242B06320012F285 /* 林风.m4a */ = {isa = PBXFileReference; lastKnownFileType = file; path = "林风.m4a"; sourceTree = "<group>"; };
		2BE37740242B06320012F285 /* 雨后.m4a */ = {isa = PBXFileReference; lastKnownFileType = file; path = "雨后.m4a"; sourceTree = "<group>"; };
		2BE37741242B06320012F285 /* 雷暴雨.m4a */ = {isa = PBXFileReference; lastKnownFileType = file; path = "雷暴雨.m4a"; sourceTree = "<group>"; };
		2BE37742242B06320012F285 /* 刨木.m4a */ = {isa = PBXFileReference; lastKnownFileType = file; path = "刨木.m4a"; sourceTree = "<group>"; };
		2BE37743242B06320012F285 /* 碎石路.m4a */ = {isa = PBXFileReference; lastKnownFileType = file; path = "碎石路.m4a"; sourceTree = "<group>"; };
		2BE37744242B06320012F285 /* 水边自然.m4a */ = {isa = PBXFileReference; lastKnownFileType = file; path = "水边自然.m4a"; sourceTree = "<group>"; };
		2BE37745242B06320012F285 /* 慢敲打字机.m4a */ = {isa = PBXFileReference; lastKnownFileType = file; path = "慢敲打字机.m4a"; sourceTree = "<group>"; };
		2BE37746242B06320012F285 /* 柴火.m4a */ = {isa = PBXFileReference; lastKnownFileType = file; path = "柴火.m4a"; sourceTree = "<group>"; };
		2BE37747242B06320012F285 /* 水落屋檐.m4a */ = {isa = PBXFileReference; lastKnownFileType = file; path = "水落屋檐.m4a"; sourceTree = "<group>"; };
		2BE37748242B06320012F285 /* 雨村清晨.m4a */ = {isa = PBXFileReference; lastKnownFileType = file; path = "雨村清晨.m4a"; sourceTree = "<group>"; };
		2BE37749242B06320012F285 /* 冰雹雨.m4a */ = {isa = PBXFileReference; lastKnownFileType = file; path = "冰雹雨.m4a"; sourceTree = "<group>"; };
		2BE3774A242B06320012F285 /* 雨林.m4a */ = {isa = PBXFileReference; lastKnownFileType = file; path = "雨林.m4a"; sourceTree = "<group>"; };
		2BE3774B242B06320012F285 /* 咖啡馆.m4a */ = {isa = PBXFileReference; lastKnownFileType = file; path = "咖啡馆.m4a"; sourceTree = "<group>"; };
		2BE3774C242B06320012F285 /* 风之原野.m4a */ = {isa = PBXFileReference; lastKnownFileType = file; path = "风之原野.m4a"; sourceTree = "<group>"; };
		2BE3774D242B06320012F285 /* 打字机.m4a */ = {isa = PBXFileReference; lastKnownFileType = file; path = "打字机.m4a"; sourceTree = "<group>"; };
		2BE3774E242B06320012F285 /* 水滴空灵.m4a */ = {isa = PBXFileReference; lastKnownFileType = file; path = "水滴空灵.m4a"; sourceTree = "<group>"; };
		2BE3774F242B06320012F285 /* 瀑布.m4a */ = {isa = PBXFileReference; lastKnownFileType = file; path = "瀑布.m4a"; sourceTree = "<group>"; };
		2BE37750242B06320012F285 /* 落尘唱片.m4a */ = {isa = PBXFileReference; lastKnownFileType = file; path = "落尘唱片.m4a"; sourceTree = "<group>"; };
		2BE37751242B06320012F285 /* 篮球场.m4a */ = {isa = PBXFileReference; lastKnownFileType = file; path = "篮球场.m4a"; sourceTree = "<group>"; };
		2BE37752242B06320012F285 /* 厨房.m4a */ = {isa = PBXFileReference; lastKnownFileType = file; path = "厨房.m4a"; sourceTree = "<group>"; };
		2BE37753242B06320012F285 /* 薄片.m4a */ = {isa = PBXFileReference; lastKnownFileType = file; path = "薄片.m4a"; sourceTree = "<group>"; };
		2BE37754242B06320012F285 /* 屋顶风雨.m4a */ = {isa = PBXFileReference; lastKnownFileType = file; path = "屋顶风雨.m4a"; sourceTree = "<group>"; };
		2BE37755242B06320012F285 /* 木风铃.m4a */ = {isa = PBXFileReference; lastKnownFileType = file; path = "木风铃.m4a"; sourceTree = "<group>"; };
		2BE37756242B06320012F285 /* 粉噪.m4a */ = {isa = PBXFileReference; lastKnownFileType = file; path = "粉噪.m4a"; sourceTree = "<group>"; };
		2BE37757242B06320012F285 /* 游乐场.m4a */ = {isa = PBXFileReference; lastKnownFileType = file; path = "游乐场.m4a"; sourceTree = "<group>"; };
		2BE37758242B06320012F285 /* 落雨潜海.m4a */ = {isa = PBXFileReference; lastKnownFileType = file; path = "落雨潜海.m4a"; sourceTree = "<group>"; };
		2BE37759242B06320012F285 /* 冰裂.m4a */ = {isa = PBXFileReference; lastKnownFileType = file; path = "冰裂.m4a"; sourceTree = "<group>"; };
		2BE3775A242B06320012F285 /* 湖浪抚石.m4a */ = {isa = PBXFileReference; lastKnownFileType = file; path = "湖浪抚石.m4a"; sourceTree = "<group>"; };
		2BE3775B242B06320012F285 /* 牛羊.m4a */ = {isa = PBXFileReference; lastKnownFileType = file; path = "牛羊.m4a"; sourceTree = "<group>"; };
		2BE3775C242B06320012F285 /* 雨夜行车.m4a */ = {isa = PBXFileReference; lastKnownFileType = file; path = "雨夜行车.m4a"; sourceTree = "<group>"; };
		2BE3775D242B06320012F285 /* 吊扇.m4a */ = {isa = PBXFileReference; lastKnownFileType = file; path = "吊扇.m4a"; sourceTree = "<group>"; };
		2BE3775E242B06320012F285 /* 清晨鸟雀.m4a */ = {isa = PBXFileReference; lastKnownFileType = file; path = "清晨鸟雀.m4a"; sourceTree = "<group>"; };
		2BE3775F242B06320012F285 /* 卧室听风.m4a */ = {isa = PBXFileReference; lastKnownFileType = file; path = "卧室听风.m4a"; sourceTree = "<group>"; };
		2BE37760242B06320012F285 /* 细冰雹.m4a */ = {isa = PBXFileReference; lastKnownFileType = file; path = "细冰雹.m4a"; sourceTree = "<group>"; };
		2BE37761242B06320012F285 /* 古庙风钟.m4a */ = {isa = PBXFileReference; lastKnownFileType = file; path = "古庙风钟.m4a"; sourceTree = "<group>"; };
		2BE37762242B06320012F285 /* 露水踏叶.m4a */ = {isa = PBXFileReference; lastKnownFileType = file; path = "露水踏叶.m4a"; sourceTree = "<group>"; };
		2BE37763242B06320012F285 /* 石洞.m4a */ = {isa = PBXFileReference; lastKnownFileType = file; path = "石洞.m4a"; sourceTree = "<group>"; };
		2BE37764242B06320012F285 /* 石路单车.m4a */ = {isa = PBXFileReference; lastKnownFileType = file; path = "石路单车.m4a"; sourceTree = "<group>"; };
		2BE37765242B06320012F285 /* 滂沱大雨.m4a */ = {isa = PBXFileReference; lastKnownFileType = file; path = "滂沱大雨.m4a"; sourceTree = "<group>"; };
		2BE37766242B06320012F285 /* 键盘.m4a */ = {isa = PBXFileReference; lastKnownFileType = file; path = "键盘.m4a"; sourceTree = "<group>"; };
		2BE37767242B06320012F285 /* 竹风铃.m4a */ = {isa = PBXFileReference; lastKnownFileType = file; path = "竹风铃.m4a"; sourceTree = "<group>"; };
		2BE37768242B06320012F285 /* 白噪音.m4a */ = {isa = PBXFileReference; lastKnownFileType = file; path = "白噪音.m4a"; sourceTree = "<group>"; };
		2BE37769242B06320012F285 /* 细雨.m4a */ = {isa = PBXFileReference; lastKnownFileType = file; path = "细雨.m4a"; sourceTree = "<group>"; };
		2BE377BC242B06CC0012F285 /* Data.swift */ = {isa = PBXFileReference; lastKnownFileType = sourcecode.swift; path = Data.swift; sourceTree = "<group>"; };
/* End PBXFileReference section */

/* Begin PBXFrameworksBuildPhase section */
		2B7D725E2425BC020098BAD5 /* Frameworks */ = {
			isa = PBXFrameworksBuildPhase;
			buildActionMask = 2147483647;
			files = (
				2B991170242C8E5F007E7FEA /* ExternalAccessory.framework in Frameworks */,
			);
			runOnlyForDeploymentPostprocessing = 0;
		};
		2BD5B4B1244B71650085221E /* Frameworks */ = {
			isa = PBXFrameworksBuildPhase;
			buildActionMask = 2147483647;
			files = (
			);
			runOnlyForDeploymentPostprocessing = 0;
		};
/* End PBXFrameworksBuildPhase section */

/* Begin PBXGroup section */
		2B7D72582425BC020098BAD5 = {
			isa = PBXGroup;
			children = (
				2BD5B4C7244B71C60085221E /* Shared */,
				2B7D72632425BC020098BAD5 /* CyberSpaceForIOS */,
				2BD5B4B5244B71650085221E /* CyberSpaceForMac */,
				2B7D72622425BC020098BAD5 /* Products */,
				2B99116E242C8E5F007E7FEA /* Frameworks */,
			);
			sourceTree = "<group>";
		};
		2B7D72622425BC020098BAD5 /* Products */ = {
			isa = PBXGroup;
			children = (
				2B7D72612425BC020098BAD5 /* CyberSpace.app */,
				2BD5B4B4244B71650085221E /* CyberSpaceForMac.app */,
			);
			name = Products;
			sourceTree = "<group>";
		};
		2B7D72632425BC020098BAD5 /* CyberSpaceForIOS */ = {
			isa = PBXGroup;
			children = (
				2BB336072448CB34005B5300 /* ViewModel */,
				2B991171242D03D8007E7FEA /* View */,
				2B7D72642425BC020098BAD5 /* AppDelegate.swift */,
				2B7D72662425BC020098BAD5 /* SceneDelegate.swift */,
				2B7D72682425BC020098BAD5 /* ContentView.swift */,
				2B7D726F2425BC060098BAD5 /* LaunchScreen.storyboard */,
				2B7D72722425BC060098BAD5 /* Info.plist */,
				2B7D726C2425BC060098BAD5 /* Preview Content */,
			);
			path = CyberSpaceForIOS;
			sourceTree = "<group>";
		};
		2B7D726C2425BC060098BAD5 /* Preview Content */ = {
			isa = PBXGroup;
			children = (
				2B7D726D2425BC060098BAD5 /* Preview Assets.xcassets */,
			);
			path = "Preview Content";
			sourceTree = "<group>";
		};
		2B99116E242C8E5F007E7FEA /* Frameworks */ = {
			isa = PBXGroup;
			children = (
				2B99116F242C8E5F007E7FEA /* ExternalAccessory.framework */,
			);
			name = Frameworks;
			sourceTree = "<group>";
		};
		2B991171242D03D8007E7FEA /* View */ = {
			isa = PBXGroup;
			children = (
				2BB3360C2449AC86005B5300 /* FlipTimerView */,
				2B88F03C244083DA00452A83 /* HomeView.swift */,
				2B88F039244083D900452A83 /* BackgroundView.swift */,
				2B88F038244083D900452A83 /* MainSoundCardView.swift */,
				2B88F036244083D900452A83 /* SubSoundCardView.swift */,
				2B88F03E244083DA00452A83 /* PlayListView.swift */,
				2B88F03B244083D900452A83 /* SoundLibraryView.swift */,
				2B3D227A2445EC0700C6C31A /* VisualEffectView.swift */,
				2B3CFC092440969B0038E642 /* MainSoundView.swift */,
				2B3CFC07244095690038E642 /* SubSoundsView.swift */,
				2B88F03F244083DA00452A83 /* TimerView.swift */,
				2B3CFC0B2440A3200038E642 /* BottomBarView.swift */,
				2BD3F44124445AF60007FCB1 /* SaveMixView.swift */,
			);
			path = View;
			sourceTree = "<group>";
		};
		2BB336072448CB34005B5300 /* ViewModel */ = {
			isa = PBXGroup;
			children = (
				2BB3360A2448CB67005B5300 /* TimerViewModel.swift */,
				2BB3360D2449AD6E005B5300 /* FlipViewModel.swift */,
			);
			path = ViewModel;
			sourceTree = "<group>";
		};
		2BB3360C2449AC86005B5300 /* FlipTimerView */ = {
			isa = PBXGroup;
			children = (
				2BB3360F2449AD80005B5300 /* FlipView.swift */,
				2BB336112449AD80005B5300 /* SingleFlipView.swift */,
			);
			path = FlipTimerView;
			sourceTree = "<group>";
		};
		2BB336152449B080005B5300 /* Extensions */ = {
			isa = PBXGroup;
			children = (
				2BB336162449B0B6005B5300 /* ColorExtension.swift */,
			);
			path = Extensions;
			sourceTree = "<group>";
		};
		2BC4FECA244B8B370091D65C /* View */ = {
			isa = PBXGroup;
			children = (
				2B88F03A244083D900452A83 /* GridView.swift */,
			);
			path = View;
			sourceTree = "<group>";
		};
		2BC4FECB244B8DC10091D65C /* View */ = {
			isa = PBXGroup;
			children = (
				2BC4FECC244B8DEC0091D65C /* HomeView.swift */,
				2B0F026E244C4A6100239832 /* SoundCardView.swift */,
			);
			path = View;
			sourceTree = "<group>";
		};
		2BD5B4B5244B71650085221E /* CyberSpaceForMac */ = {
			isa = PBXGroup;
			children = (
				2BC4FECB244B8DC10091D65C /* View */,
				2BD5B4B6244B71650085221E /* AppDelegate.swift */,
				2BD5B4B8244B71650085221E /* ContentView.swift */,
				2BD5B4BF244B71670085221E /* Main.storyboard */,
				2BD5B4C2244B71670085221E /* Info.plist */,
				2BD5B4C3244B71670085221E /* CyberSpaceForMac.entitlements */,
				2BD5B4BC244B71670085221E /* Preview Content */,
			);
			path = CyberSpaceForMac;
			sourceTree = "<group>";
		};
		2BD5B4BC244B71670085221E /* Preview Content */ = {
			isa = PBXGroup;
			children = (
				2BD5B4BD244B71670085221E /* Preview Assets.xcassets */,
			);
			path = "Preview Content";
			sourceTree = "<group>";
		};
		2BD5B4C7244B71C60085221E /* Shared */ = {
			isa = PBXGroup;
			children = (
				2BE377B9242B06810012F285 /* Model */,
				2BB336152449B080005B5300 /* Extensions */,
				2BC4FECA244B8B370091D65C /* View */,
				2BE3771A242B06320012F285 /* Resources */,
			);
			path = Shared;
			sourceTree = "<group>";
		};
		2BE3771A242B06320012F285 /* Resources */ = {
			isa = PBXGroup;
			children = (
				2B7D726A2425BC060098BAD5 /* Assets.xcassets */,
				2B88F03224407BE300452A83 /* Sounds */,
				2BE37722242B06320012F285 /* SoundIndexesForIOS.json */,
				2B0F0272244C588900239832 /* SoundIndexesForMac.json */,
				2BE3771B242B06320012F285 /* 游泳池.m4a */,
				2BE3771C242B06320012F285 /* 小溪.m4a */,
				2BE3771D242B06320012F285 /* 雾林柔雨.m4a */,
				2BE3771E242B06320012F285 /* 小鸭戏水.m4a */,
				2BE3771F242B06320012F285 /* 鸬鹚.m4a */,
				2BE37720242B06320012F285 /* 溪流雪融.m4a */,
				2BE37721242B06320012F285 /* 春雷.m4a */,
				2BE37723242B06320012F285 /* 割草机.m4a */,
				2BE37724242B06320012F285 /* 船舱.m4a */,
				2BE37725242B06320012F285 /* 踏雪.m4a */,
				2BE37726242B06320012F285 /* 孤岛.m4a */,
				2BE37727242B06320012F285 /* 纽约地铁口.m4a */,
				2BE37728242B06320012F285 /* 老电视.m4a */,
				2BE37729242B06320012F285 /* 荒野.m4a */,
				2BE3772A242B06320012F285 /* 秋日孤鸟.m4a */,
				2BE3772B242B06320012F285 /* 沐浴.m4a */,
				2BE3772C242B06320012F285 /* 夏夜.m4a */,
				2BE3772D242B06320012F285 /* 雪林.m4a */,
				2BE3772E242B06320012F285 /* 壁炉.m4a */,
				2BE3772F242B06320012F285 /* 高跟鞋.m4a */,
				2BE37730242B06320012F285 /* 折纸.m4a */,
				2BE37731242B06320012F285 /* 雨伞.m4a */,
				2BE37732242B06320012F285 /* 海与鸟.m4a */,
				2BE37733242B06320012F285 /* 冬雪压枝.m4a */,
				2BE37734242B06320012F285 /* 仙女棒.m4a */,
				2BE37735242B06320012F285 /* 帐篷雨.m4a */,
				2BE37736242B06320012F285 /* 后院虫鸣.m4a */,
				2BE37737242B06320012F285 /* 翻书.m4a */,
				2BE37738242B06320012F285 /* 雨滴洒落.m4a */,
				2BE37739242B06320012F285 /* 河流.m4a */,
				2BE3773A242B06320012F285 /* 波音客机.m4a */,
				2BE3773B242B06320012F285 /* 图书馆.m4a */,
				2BE3773C242B06320012F285 /* 野炊.m4a */,
				2BE3773D242B06320012F285 /* 风铃.m4a */,
				2BE3773E242B06320012F285 /* 老钟.m4a */,
				2BE3773F242B06320012F285 /* 林风.m4a */,
				2BE37740242B06320012F285 /* 雨后.m4a */,
				2BE37741242B06320012F285 /* 雷暴雨.m4a */,
				2BE37742242B06320012F285 /* 刨木.m4a */,
				2BE37743242B06320012F285 /* 碎石路.m4a */,
				2BE37744242B06320012F285 /* 水边自然.m4a */,
				2BE37745242B06320012F285 /* 慢敲打字机.m4a */,
				2BE37746242B06320012F285 /* 柴火.m4a */,
				2BE37747242B06320012F285 /* 水落屋檐.m4a */,
				2BE37748242B06320012F285 /* 雨村清晨.m4a */,
				2BE37749242B06320012F285 /* 冰雹雨.m4a */,
				2BE3774A242B06320012F285 /* 雨林.m4a */,
				2BE3774B242B06320012F285 /* 咖啡馆.m4a */,
				2BE3774C242B06320012F285 /* 风之原野.m4a */,
				2BE3774D242B06320012F285 /* 打字机.m4a */,
				2BE3774E242B06320012F285 /* 水滴空灵.m4a */,
				2BE3774F242B06320012F285 /* 瀑布.m4a */,
				2BE37750242B06320012F285 /* 落尘唱片.m4a */,
				2BE37751242B06320012F285 /* 篮球场.m4a */,
				2BE37752242B06320012F285 /* 厨房.m4a */,
				2BE37753242B06320012F285 /* 薄片.m4a */,
				2BE37754242B06320012F285 /* 屋顶风雨.m4a */,
				2BE37755242B06320012F285 /* 木风铃.m4a */,
				2BE37756242B06320012F285 /* 粉噪.m4a */,
				2BE37757242B06320012F285 /* 游乐场.m4a */,
				2BE37758242B06320012F285 /* 落雨潜海.m4a */,
				2BE37759242B06320012F285 /* 冰裂.m4a */,
				2BE3775A242B06320012F285 /* 湖浪抚石.m4a */,
				2BE3775B242B06320012F285 /* 牛羊.m4a */,
				2BE3775C242B06320012F285 /* 雨夜行车.m4a */,
				2BE3775D242B06320012F285 /* 吊扇.m4a */,
				2BE3775E242B06320012F285 /* 清晨鸟雀.m4a */,
				2BE3775F242B06320012F285 /* 卧室听风.m4a */,
				2BE37760242B06320012F285 /* 细冰雹.m4a */,
				2BE37761242B06320012F285 /* 古庙风钟.m4a */,
				2BE37762242B06320012F285 /* 露水踏叶.m4a */,
				2BE37763242B06320012F285 /* 石洞.m4a */,
				2BE37764242B06320012F285 /* 石路单车.m4a */,
				2BE37765242B06320012F285 /* 滂沱大雨.m4a */,
				2BE37766242B06320012F285 /* 键盘.m4a */,
				2BE37767242B06320012F285 /* 竹风铃.m4a */,
				2BE37768242B06320012F285 /* 白噪音.m4a */,
				2BE37769242B06320012F285 /* 细雨.m4a */,
			);
			path = Resources;
			sourceTree = "<group>";
		};
		2BE377B9242B06810012F285 /* Model */ = {
			isa = PBXGroup;
			children = (
				2B99116B242C6069007E7FEA /* UserData.swift */,
				2B7D72992425BEF80098BAD5 /* Player.swift */,
				2BE377BC242B06CC0012F285 /* Data.swift */,
			);
			path = Model;
			sourceTree = "<group>";
		};
/* End PBXGroup section */

/* Begin PBXNativeTarget section */
		2B7D72602425BC020098BAD5 /* CyberSpaceForIOS */ = {
			isa = PBXNativeTarget;
			buildConfigurationList = 2B7D728B2425BC060098BAD5 /* Build configuration list for PBXNativeTarget "CyberSpaceForIOS" */;
			buildPhases = (
				2B7D725D2425BC020098BAD5 /* Sources */,
				2B7D725E2425BC020098BAD5 /* Frameworks */,
				2B7D725F2425BC020098BAD5 /* Resources */,
			);
			buildRules = (
			);
			dependencies = (
			);
			name = CyberSpaceForIOS;
			productName = "Cyber Space";
			productReference = 2B7D72612425BC020098BAD5 /* CyberSpace.app */;
			productType = "com.apple.product-type.application";
		};
		2BD5B4B3244B71650085221E /* CyberSpaceForMac */ = {
			isa = PBXNativeTarget;
			buildConfigurationList = 2BD5B4C4244B71670085221E /* Build configuration list for PBXNativeTarget "CyberSpaceForMac" */;
			buildPhases = (
				2BD5B4B0244B71650085221E /* Sources */,
				2BD5B4B1244B71650085221E /* Frameworks */,
				2BD5B4B2244B71650085221E /* Resources */,
			);
			buildRules = (
			);
			dependencies = (
			);
			name = CyberSpaceForMac;
			productName = CyberSpaceForMac;
			productReference = 2BD5B4B4244B71650085221E /* CyberSpaceForMac.app */;
			productType = "com.apple.product-type.application";
		};
/* End PBXNativeTarget section */

/* Begin PBXProject section */
		2B7D72592425BC020098BAD5 /* Project object */ = {
			isa = PBXProject;
			attributes = {
				LastSwiftUpdateCheck = 1140;
				LastUpgradeCheck = 1130;
				ORGANIZATIONNAME = teeloong;
				TargetAttributes = {
					2B7D72602425BC020098BAD5 = {
						CreatedOnToolsVersion = 11.3.1;
					};
					2BD5B4B3244B71650085221E = {
						CreatedOnToolsVersion = 11.4.1;
					};
				};
			};
			buildConfigurationList = 2B7D725C2425BC020098BAD5 /* Build configuration list for PBXProject "CyberSpace" */;
			compatibilityVersion = "Xcode 9.3";
			developmentRegion = en;
			hasScannedForEncodings = 0;
			knownRegions = (
				en,
				Base,
			);
			mainGroup = 2B7D72582425BC020098BAD5;
			productRefGroup = 2B7D72622425BC020098BAD5 /* Products */;
			projectDirPath = "";
			projectRoot = "";
			targets = (
				2B7D72602425BC020098BAD5 /* CyberSpaceForIOS */,
				2BD5B4B3244B71650085221E /* CyberSpaceForMac */,
			);
		};
/* End PBXProject section */

/* Begin PBXResourcesBuildPhase section */
		2B7D725F2425BC020098BAD5 /* Resources */ = {
			isa = PBXResourcesBuildPhase;
			buildActionMask = 2147483647;
			files = (
				2BE3778D242B06320012F285 /* 老钟.m4a in Resources */,
				2BE37797242B06320012F285 /* 雨村清晨.m4a in Resources */,
				2BE3779E242B06320012F285 /* 瀑布.m4a in Resources */,
				2BE377B2242B06320012F285 /* 石洞.m4a in Resources */,
				2BE37780242B06320012F285 /* 雨伞.m4a in Resources */,
				2BE3777F242B06320012F285 /* 折纸.m4a in Resources */,
				2BE377B3242B06320012F285 /* 石路单车.m4a in Resources */,
				2BE377A2242B06320012F285 /* 薄片.m4a in Resources */,
				2BE37776242B06320012F285 /* 纽约地铁口.m4a in Resources */,
				2BE3778F242B06320012F285 /* 雨后.m4a in Resources */,
				2BE3779D242B06320012F285 /* 水滴空灵.m4a in Resources */,
				2BE37781242B06320012F285 /* 海与鸟.m4a in Resources */,
				2BE37775242B06320012F285 /* 孤岛.m4a in Resources */,
				2BE37773242B06320012F285 /* 船舱.m4a in Resources */,
				2BE37772242B06320012F285 /* 割草机.m4a in Resources */,
				2BE377AD242B06320012F285 /* 清晨鸟雀.m4a in Resources */,
				2BE37770242B06320012F285 /* 春雷.m4a in Resources */,
				2BE377B6242B06320012F285 /* 竹风铃.m4a in Resources */,
				2BE377A4242B06320012F285 /* 木风铃.m4a in Resources */,
				2BE3777B242B06320012F285 /* 夏夜.m4a in Resources */,
				2BE377A8242B06320012F285 /* 冰裂.m4a in Resources */,
				2BE3779A242B06320012F285 /* 咖啡馆.m4a in Resources */,
				2BE3776D242B06320012F285 /* 小鸭戏水.m4a in Resources */,
				2BE377AA242B06320012F285 /* 牛羊.m4a in Resources */,
				2BE377AE242B06320012F285 /* 卧室听风.m4a in Resources */,
				2BE37791242B06320012F285 /* 刨木.m4a in Resources */,
				2BE3779C242B06320012F285 /* 打字机.m4a in Resources */,
				2BE3776F242B06320012F285 /* 溪流雪融.m4a in Resources */,
				2BE37774242B06320012F285 /* 踏雪.m4a in Resources */,
				2BE37793242B06320012F285 /* 水边自然.m4a in Resources */,
				2BE377B7242B06320012F285 /* 白噪音.m4a in Resources */,
				2BE37792242B06320012F285 /* 碎石路.m4a in Resources */,
				2BE3777E242B06320012F285 /* 高跟鞋.m4a in Resources */,
				2BE3779F242B06320012F285 /* 落尘唱片.m4a in Resources */,
				2BE377A1242B06320012F285 /* 厨房.m4a in Resources */,
				2BE3778C242B06320012F285 /* 风铃.m4a in Resources */,
				2BE37779242B06320012F285 /* 秋日孤鸟.m4a in Resources */,
				2BE377A0242B06320012F285 /* 篮球场.m4a in Resources */,
				2BE377AF242B06320012F285 /* 细冰雹.m4a in Resources */,
				2BE37796242B06320012F285 /* 水落屋檐.m4a in Resources */,
				2BE3776B242B06320012F285 /* 小溪.m4a in Resources */,
				2BE37790242B06320012F285 /* 雷暴雨.m4a in Resources */,
				2BE3777A242B06320012F285 /* 沐浴.m4a in Resources */,
				2B7D72712425BC060098BAD5 /* LaunchScreen.storyboard in Resources */,
				2BE377A9242B06320012F285 /* 湖浪抚石.m4a in Resources */,
				2BE37778242B06320012F285 /* 荒野.m4a in Resources */,
				2BE37784242B06320012F285 /* 帐篷雨.m4a in Resources */,
				2BE3777D242B06320012F285 /* 壁炉.m4a in Resources */,
				2B7D726E2425BC060098BAD5 /* Preview Assets.xcassets in Resources */,
				2BE377B5242B06320012F285 /* 键盘.m4a in Resources */,
				2BE3779B242B06320012F285 /* 风之原野.m4a in Resources */,
				2BE3778A242B06320012F285 /* 图书馆.m4a in Resources */,
				2BE3777C242B06320012F285 /* 雪林.m4a in Resources */,
				2BE377AB242B06320012F285 /* 雨夜行车.m4a in Resources */,
				2BE37777242B06320012F285 /* 老电视.m4a in Resources */,
				2BE37786242B06320012F285 /* 翻书.m4a in Resources */,
				2BE37782242B06320012F285 /* 冬雪压枝.m4a in Resources */,
				2BE377A5242B06320012F285 /* 粉噪.m4a in Resources */,
				2BE37785242B06320012F285 /* 后院虫鸣.m4a in Resources */,
				2BE37783242B06320012F285 /* 仙女棒.m4a in Resources */,
				2BE37787242B06320012F285 /* 雨滴洒落.m4a in Resources */,
				2BE377B0242B06320012F285 /* 古庙风钟.m4a in Resources */,
				2BE3776E242B06320012F285 /* 鸬鹚.m4a in Resources */,
				2BE377B1242B06320012F285 /* 露水踏叶.m4a in Resources */,
				2BE3776A242B06320012F285 /* 游泳池.m4a in Resources */,
				2BE37788242B06320012F285 /* 河流.m4a in Resources */,
				2B88F03324407BE400452A83 /* Sounds in Resources */,
				2BE37771242B06320012F285 /* SoundIndexesForIOS.json in Resources */,
				2BE377A7242B06320012F285 /* 落雨潜海.m4a in Resources */,
				2BE37795242B06320012F285 /* 柴火.m4a in Resources */,
				2BE3778E242B06320012F285 /* 林风.m4a in Resources */,
				2BE37789242B06320012F285 /* 波音客机.m4a in Resources */,
				2BE3778B242B06320012F285 /* 野炊.m4a in Resources */,
				2BE377A6242B06320012F285 /* 游乐场.m4a in Resources */,
				2BE377B4242B06320012F285 /* 滂沱大雨.m4a in Resources */,
				2BE377B8242B06320012F285 /* 细雨.m4a in Resources */,
				2BE37798242B06320012F285 /* 冰雹雨.m4a in Resources */,
				2BE377A3242B06320012F285 /* 屋顶风雨.m4a in Resources */,
				2BE377AC242B06320012F285 /* 吊扇.m4a in Resources */,
				2BE37799242B06320012F285 /* 雨林.m4a in Resources */,
				2BE37794242B06320012F285 /* 慢敲打字机.m4a in Resources */,
				2B7D726B2425BC060098BAD5 /* Assets.xcassets in Resources */,
				2BE3776C242B06320012F285 /* 雾林柔雨.m4a in Resources */,
			);
			runOnlyForDeploymentPostprocessing = 0;
		};
		2BD5B4B2244B71650085221E /* Resources */ = {
			isa = PBXResourcesBuildPhase;
			buildActionMask = 2147483647;
			files = (
				2B0F0273244C593100239832 /* SoundIndexesForMac.json in Resources */,
				2B0F026D244C488C00239832 /* Assets.xcassets in Resources */,
				2B0F021D244B991100239832 /* Sounds in Resources */,
				2B0F021F244B991100239832 /* 游泳池.m4a in Resources */,
				2B0F0220244B991100239832 /* 小溪.m4a in Resources */,
				2B0F0221244B991100239832 /* 雾林柔雨.m4a in Resources */,
				2B0F0222244B991100239832 /* 小鸭戏水.m4a in Resources */,
				2B0F0223244B991100239832 /* 鸬鹚.m4a in Resources */,
				2B0F0224244B991100239832 /* 溪流雪融.m4a in Resources */,
				2B0F0225244B991100239832 /* 春雷.m4a in Resources */,
				2B0F0226244B991100239832 /* 割草机.m4a in Resources */,
				2B0F0227244B991100239832 /* 船舱.m4a in Resources */,
				2B0F0228244B991100239832 /* 踏雪.m4a in Resources */,
				2B0F0229244B991100239832 /* 孤岛.m4a in Resources */,
				2B0F022A244B991100239832 /* 纽约地铁口.m4a in Resources */,
				2B0F022B244B991100239832 /* 老电视.m4a in Resources */,
				2B0F022C244B991100239832 /* 荒野.m4a in Resources */,
				2B0F022D244B991100239832 /* 秋日孤鸟.m4a in Resources */,
				2B0F022E244B991100239832 /* 沐浴.m4a in Resources */,
				2B0F022F244B991100239832 /* 夏夜.m4a in Resources */,
				2B0F0230244B991100239832 /* 雪林.m4a in Resources */,
				2B0F0231244B991100239832 /* 壁炉.m4a in Resources */,
				2B0F0232244B991100239832 /* 高跟鞋.m4a in Resources */,
				2B0F0233244B991100239832 /* 折纸.m4a in Resources */,
				2B0F0234244B991100239832 /* 雨伞.m4a in Resources */,
				2B0F0235244B991100239832 /* 海与鸟.m4a in Resources */,
				2B0F0236244B991100239832 /* 冬雪压枝.m4a in Resources */,
				2B0F0237244B991100239832 /* 仙女棒.m4a in Resources */,
				2B0F0238244B991100239832 /* 帐篷雨.m4a in Resources */,
				2B0F0239244B991100239832 /* 后院虫鸣.m4a in Resources */,
				2B0F023A244B991100239832 /* 翻书.m4a in Resources */,
				2B0F023B244B991100239832 /* 雨滴洒落.m4a in Resources */,
				2B0F023C244B991100239832 /* 河流.m4a in Resources */,
				2B0F023D244B991100239832 /* 波音客机.m4a in Resources */,
				2B0F023E244B991100239832 /* 图书馆.m4a in Resources */,
				2B0F023F244B991100239832 /* 野炊.m4a in Resources */,
				2B0F0240244B991200239832 /* 风铃.m4a in Resources */,
				2B0F0241244B991200239832 /* 老钟.m4a in Resources */,
				2B0F0242244B991200239832 /* 林风.m4a in Resources */,
				2B0F0243244B991200239832 /* 雨后.m4a in Resources */,
				2B0F0244244B991200239832 /* 雷暴雨.m4a in Resources */,
				2B0F0245244B991200239832 /* 刨木.m4a in Resources */,
				2B0F0246244B991200239832 /* 碎石路.m4a in Resources */,
				2B0F0247244B991200239832 /* 水边自然.m4a in Resources */,
				2B0F0248244B991200239832 /* 慢敲打字机.m4a in Resources */,
				2B0F0249244B991200239832 /* 柴火.m4a in Resources */,
				2B0F024A244B991200239832 /* 水落屋檐.m4a in Resources */,
				2B0F024B244B991200239832 /* 雨村清晨.m4a in Resources */,
				2B0F024C244B991200239832 /* 冰雹雨.m4a in Resources */,
				2B0F024D244B991200239832 /* 雨林.m4a in Resources */,
				2B0F024E244B991200239832 /* 咖啡馆.m4a in Resources */,
				2B0F024F244B991200239832 /* 风之原野.m4a in Resources */,
				2B0F0250244B991200239832 /* 打字机.m4a in Resources */,
				2B0F0251244B991200239832 /* 水滴空灵.m4a in Resources */,
				2B0F0252244B991200239832 /* 瀑布.m4a in Resources */,
				2B0F0253244B991200239832 /* 落尘唱片.m4a in Resources */,
				2B0F0254244B991200239832 /* 篮球场.m4a in Resources */,
				2B0F0255244B991200239832 /* 厨房.m4a in Resources */,
				2B0F0256244B991200239832 /* 薄片.m4a in Resources */,
				2B0F0257244B991200239832 /* 屋顶风雨.m4a in Resources */,
				2B0F0258244B991200239832 /* 木风铃.m4a in Resources */,
				2B0F0259244B991200239832 /* 粉噪.m4a in Resources */,
				2B0F025A244B991200239832 /* 游乐场.m4a in Resources */,
				2B0F025B244B991200239832 /* 落雨潜海.m4a in Resources */,
				2B0F025C244B991200239832 /* 冰裂.m4a in Resources */,
				2B0F025D244B991200239832 /* 湖浪抚石.m4a in Resources */,
				2B0F025E244B991200239832 /* 牛羊.m4a in Resources */,
				2B0F025F244B991200239832 /* 雨夜行车.m4a in Resources */,
				2B0F0260244B991200239832 /* 吊扇.m4a in Resources */,
				2B0F0261244B991200239832 /* 清晨鸟雀.m4a in Resources */,
				2B0F0262244B991200239832 /* 卧室听风.m4a in Resources */,
				2B0F0263244B991200239832 /* 细冰雹.m4a in Resources */,
				2B0F0264244B991200239832 /* 古庙风钟.m4a in Resources */,
				2B0F0265244B991200239832 /* 露水踏叶.m4a in Resources */,
				2B0F0266244B991200239832 /* 石洞.m4a in Resources */,
				2B0F0267244B991200239832 /* 石路单车.m4a in Resources */,
				2B0F0268244B991200239832 /* 滂沱大雨.m4a in Resources */,
				2B0F0269244B991200239832 /* 键盘.m4a in Resources */,
				2B0F026A244B991200239832 /* 竹风铃.m4a in Resources */,
				2B0F026B244B991200239832 /* 白噪音.m4a in Resources */,
				2B0F026C244B991200239832 /* 细雨.m4a in Resources */,
				2BD5B4C1244B71670085221E /* Main.storyboard in Resources */,
				2BD5B4BE244B71670085221E /* Preview Assets.xcassets in Resources */,
			);
			runOnlyForDeploymentPostprocessing = 0;
		};
/* End PBXResourcesBuildPhase section */

/* Begin PBXSourcesBuildPhase section */
		2B7D725D2425BC020098BAD5 /* Sources */ = {
			isa = PBXSourcesBuildPhase;
			buildActionMask = 2147483647;
			files = (
				2BB3360B2448CB67005B5300 /* TimerViewModel.swift in Sources */,
				2BB336122449AD80005B5300 /* FlipView.swift in Sources */,
				2B88F048244083DA00452A83 /* PlayListView.swift in Sources */,
				2B88F043244083DA00452A83 /* BackgroundView.swift in Sources */,
				2BB336172449B0B6005B5300 /* ColorExtension.swift in Sources */,
				2B7D729A2425BEF80098BAD5 /* Player.swift in Sources */,
				2BB3360E2449AD6E005B5300 /* FlipViewModel.swift in Sources */,
				2BB336142449AD80005B5300 /* SingleFlipView.swift in Sources */,
				2B88F046244083DA00452A83 /* HomeView.swift in Sources */,
				2BD3F44224445AF60007FCB1 /* SaveMixView.swift in Sources */,
				2B3CFC0C2440A3200038E642 /* BottomBarView.swift in Sources */,
				2B88F042244083DA00452A83 /* MainSoundCardView.swift in Sources */,
				2B88F044244083DA00452A83 /* GridView.swift in Sources */,
				2B3CFC08244095690038E642 /* SubSoundsView.swift in Sources */,
				2B88F049244083DA00452A83 /* TimerView.swift in Sources */,
				2B3CFC0A2440969B0038E642 /* MainSoundView.swift in Sources */,
				2B88F040244083DA00452A83 /* SubSoundCardView.swift in Sources */,
				2B88F045244083DA00452A83 /* SoundLibraryView.swift in Sources */,
				2B0F01C8244B910900239832 /* UserData.swift in Sources */,
				2BE377BD242B06CC0012F285 /* Data.swift in Sources */,
				2B7D72652425BC020098BAD5 /* AppDelegate.swift in Sources */,
				2B7D72672425BC020098BAD5 /* SceneDelegate.swift in Sources */,
				2B3D227B2445EC0700C6C31A /* VisualEffectView.swift in Sources */,
				2B7D72692425BC020098BAD5 /* ContentView.swift in Sources */,
			);
			runOnlyForDeploymentPostprocessing = 0;
		};
		2BD5B4B0244B71650085221E /* Sources */ = {
			isa = PBXSourcesBuildPhase;
			buildActionMask = 2147483647;
			files = (
				2BB1C9EA244CC91800437DDA /* Player.swift in Sources */,
				2B0F01CC244B925500239832 /* GridView.swift in Sources */,
				2B0F01CB244B925000239832 /* Data.swift in Sources */,
				2B0F01C9244B923300239832 /* UserData.swift in Sources */,
				2BC4FECD244B8DEC0091D65C /* HomeView.swift in Sources */,
				2BD5B4B9244B71650085221E /* ContentView.swift in Sources */,
				2BD5B4B7244B71650085221E /* AppDelegate.swift in Sources */,
				2B0F026F244C4A6100239832 /* SoundCardView.swift in Sources */,
			);
			runOnlyForDeploymentPostprocessing = 0;
		};
/* End PBXSourcesBuildPhase section */

/* Begin PBXVariantGroup section */
		2B7D726F2425BC060098BAD5 /* LaunchScreen.storyboard */ = {
			isa = PBXVariantGroup;
			children = (
				2B7D72702425BC060098BAD5 /* Base */,
			);
			name = LaunchScreen.storyboard;
			sourceTree = "<group>";
		};
		2BD5B4BF244B71670085221E /* Main.storyboard */ = {
			isa = PBXVariantGroup;
			children = (
				2BD5B4C0244B71670085221E /* Base */,
			);
			name = Main.storyboard;
			sourceTree = "<group>";
		};
/* End PBXVariantGroup section */

/* Begin XCBuildConfiguration section */
		2B7D72892425BC060098BAD5 /* Debug */ = {
			isa = XCBuildConfiguration;
			buildSettings = {
				ALWAYS_SEARCH_USER_PATHS = NO;
				CLANG_ANALYZER_NONNULL = YES;
				CLANG_ANALYZER_NUMBER_OBJECT_CONVERSION = YES_AGGRESSIVE;
				CLANG_CXX_LANGUAGE_STANDARD = "gnu++14";
				CLANG_CXX_LIBRARY = "libc++";
				CLANG_ENABLE_MODULES = YES;
				CLANG_ENABLE_OBJC_ARC = YES;
				CLANG_ENABLE_OBJC_WEAK = YES;
				CLANG_WARN_BLOCK_CAPTURE_AUTORELEASING = YES;
				CLANG_WARN_BOOL_CONVERSION = YES;
				CLANG_WARN_COMMA = YES;
				CLANG_WARN_CONSTANT_CONVERSION = YES;
				CLANG_WARN_DEPRECATED_OBJC_IMPLEMENTATIONS = YES;
				CLANG_WARN_DIRECT_OBJC_ISA_USAGE = YES_ERROR;
				CLANG_WARN_DOCUMENTATION_COMMENTS = YES;
				CLANG_WARN_EMPTY_BODY = YES;
				CLANG_WARN_ENUM_CONVERSION = YES;
				CLANG_WARN_INFINITE_RECURSION = YES;
				CLANG_WARN_INT_CONVERSION = YES;
				CLANG_WARN_NON_LITERAL_NULL_CONVERSION = YES;
				CLANG_WARN_OBJC_IMPLICIT_RETAIN_SELF = YES;
				CLANG_WARN_OBJC_LITERAL_CONVERSION = YES;
				CLANG_WARN_OBJC_ROOT_CLASS = YES_ERROR;
				CLANG_WARN_RANGE_LOOP_ANALYSIS = YES;
				CLANG_WARN_STRICT_PROTOTYPES = YES;
				CLANG_WARN_SUSPICIOUS_MOVE = YES;
				CLANG_WARN_UNGUARDED_AVAILABILITY = YES_AGGRESSIVE;
				CLANG_WARN_UNREACHABLE_CODE = YES;
				CLANG_WARN__DUPLICATE_METHOD_MATCH = YES;
				COPY_PHASE_STRIP = NO;
				DEBUG_INFORMATION_FORMAT = dwarf;
				ENABLE_STRICT_OBJC_MSGSEND = YES;
				ENABLE_TESTABILITY = YES;
				GCC_C_LANGUAGE_STANDARD = gnu11;
				GCC_DYNAMIC_NO_PIC = NO;
				GCC_NO_COMMON_BLOCKS = YES;
				GCC_OPTIMIZATION_LEVEL = 0;
				GCC_PREPROCESSOR_DEFINITIONS = (
					"DEBUG=1",
					"$(inherited)",
				);
				GCC_WARN_64_TO_32_BIT_CONVERSION = YES;
				GCC_WARN_ABOUT_RETURN_TYPE = YES_ERROR;
				GCC_WARN_UNDECLARED_SELECTOR = YES;
				GCC_WARN_UNINITIALIZED_AUTOS = YES_AGGRESSIVE;
				GCC_WARN_UNUSED_FUNCTION = YES;
				GCC_WARN_UNUSED_VARIABLE = YES;
				IPHONEOS_DEPLOYMENT_TARGET = 13.0;
				MTL_ENABLE_DEBUG_INFO = INCLUDE_SOURCE;
				MTL_FAST_MATH = YES;
				ONLY_ACTIVE_ARCH = YES;
				SDKROOT = iphoneos;
				SWIFT_ACTIVE_COMPILATION_CONDITIONS = DEBUG;
				SWIFT_OPTIMIZATION_LEVEL = "-Onone";
			};
			name = Debug;
		};
		2B7D728A2425BC060098BAD5 /* Release */ = {
			isa = XCBuildConfiguration;
			buildSettings = {
				ALWAYS_SEARCH_USER_PATHS = NO;
				CLANG_ANALYZER_NONNULL = YES;
				CLANG_ANALYZER_NUMBER_OBJECT_CONVERSION = YES_AGGRESSIVE;
				CLANG_CXX_LANGUAGE_STANDARD = "gnu++14";
				CLANG_CXX_LIBRARY = "libc++";
				CLANG_ENABLE_MODULES = YES;
				CLANG_ENABLE_OBJC_ARC = YES;
				CLANG_ENABLE_OBJC_WEAK = YES;
				CLANG_WARN_BLOCK_CAPTURE_AUTORELEASING = YES;
				CLANG_WARN_BOOL_CONVERSION = YES;
				CLANG_WARN_COMMA = YES;
				CLANG_WARN_CONSTANT_CONVERSION = YES;
				CLANG_WARN_DEPRECATED_OBJC_IMPLEMENTATIONS = YES;
				CLANG_WARN_DIRECT_OBJC_ISA_USAGE = YES_ERROR;
				CLANG_WARN_DOCUMENTATION_COMMENTS = YES;
				CLANG_WARN_EMPTY_BODY = YES;
				CLANG_WARN_ENUM_CONVERSION = YES;
				CLANG_WARN_INFINITE_RECURSION = YES;
				CLANG_WARN_INT_CONVERSION = YES;
				CLANG_WARN_NON_LITERAL_NULL_CONVERSION = YES;
				CLANG_WARN_OBJC_IMPLICIT_RETAIN_SELF = YES;
				CLANG_WARN_OBJC_LITERAL_CONVERSION = YES;
				CLANG_WARN_OBJC_ROOT_CLASS = YES_ERROR;
				CLANG_WARN_RANGE_LOOP_ANALYSIS = YES;
				CLANG_WARN_STRICT_PROTOTYPES = YES;
				CLANG_WARN_SUSPICIOUS_MOVE = YES;
				CLANG_WARN_UNGUARDED_AVAILABILITY = YES_AGGRESSIVE;
				CLANG_WARN_UNREACHABLE_CODE = YES;
				CLANG_WARN__DUPLICATE_METHOD_MATCH = YES;
				COPY_PHASE_STRIP = NO;
				DEBUG_INFORMATION_FORMAT = "dwarf-with-dsym";
				ENABLE_NS_ASSERTIONS = NO;
				ENABLE_STRICT_OBJC_MSGSEND = YES;
				GCC_C_LANGUAGE_STANDARD = gnu11;
				GCC_NO_COMMON_BLOCKS = YES;
				GCC_WARN_64_TO_32_BIT_CONVERSION = YES;
				GCC_WARN_ABOUT_RETURN_TYPE = YES_ERROR;
				GCC_WARN_UNDECLARED_SELECTOR = YES;
				GCC_WARN_UNINITIALIZED_AUTOS = YES_AGGRESSIVE;
				GCC_WARN_UNUSED_FUNCTION = YES;
				GCC_WARN_UNUSED_VARIABLE = YES;
				IPHONEOS_DEPLOYMENT_TARGET = 13.0;
				MTL_ENABLE_DEBUG_INFO = NO;
				MTL_FAST_MATH = YES;
				SDKROOT = iphoneos;
				SWIFT_COMPILATION_MODE = wholemodule;
				SWIFT_OPTIMIZATION_LEVEL = "-O";
				VALIDATE_PRODUCT = YES;
			};
			name = Release;
		};
		2B7D728C2425BC060098BAD5 /* Debug */ = {
			isa = XCBuildConfiguration;
			buildSettings = {
				ASSETCATALOG_COMPILER_APPICON_NAME = AppIcon;
				CODE_SIGN_ENTITLEMENTS = "CyberSpaceForIOS/Cyber Space.entitlements";
				CODE_SIGN_IDENTITY = "Apple Development";
				CODE_SIGN_STYLE = Automatic;
				DEVELOPMENT_ASSET_PATHS = "\"CyberSpaceForIOS/Preview Content\"";
				DEVELOPMENT_TEAM = D6NGHAR2FG;
				ENABLE_PREVIEWS = YES;
				INFOPLIST_FILE = CyberSpaceForIOS/Info.plist;
				IPHONEOS_DEPLOYMENT_TARGET = 13.0;
				LD_RUNPATH_SEARCH_PATHS = (
					"$(inherited)",
					"@executable_path/Frameworks",
				);
				PRODUCT_BUNDLE_IDENTIFIER = "com.teeloong.Cyber-Space";
				PRODUCT_NAME = CyberSpace;
				PROVISIONING_PROFILE_SPECIFIER = "";
				SWIFT_VERSION = 5.0;
				TARGETED_DEVICE_FAMILY = 1;
			};
			name = Debug;
		};
		2B7D728D2425BC060098BAD5 /* Release */ = {
			isa = XCBuildConfiguration;
			buildSettings = {
				ASSETCATALOG_COMPILER_APPICON_NAME = AppIcon;
				CODE_SIGN_ENTITLEMENTS = "CyberSpaceForIOS/Cyber Space.entitlements";
				CODE_SIGN_IDENTITY = "Apple Development";
				CODE_SIGN_STYLE = Automatic;
				DEVELOPMENT_ASSET_PATHS = "\"CyberSpaceForIOS/Preview Content\"";
				DEVELOPMENT_TEAM = D6NGHAR2FG;
				ENABLE_PREVIEWS = YES;
				INFOPLIST_FILE = CyberSpaceForIOS/Info.plist;
				IPHONEOS_DEPLOYMENT_TARGET = 13.0;
				LD_RUNPATH_SEARCH_PATHS = (
					"$(inherited)",
					"@executable_path/Frameworks",
				);
				PRODUCT_BUNDLE_IDENTIFIER = "com.teeloong.Cyber-Space";
				PRODUCT_NAME = CyberSpace;
				PROVISIONING_PROFILE_SPECIFIER = "";
				SWIFT_VERSION = 5.0;
				TARGETED_DEVICE_FAMILY = 1;
			};
			name = Release;
		};
		2BD5B4C5244B71670085221E /* Debug */ = {
			isa = XCBuildConfiguration;
			buildSettings = {
				ASSETCATALOG_COMPILER_APPICON_NAME = AppIcon;
				CODE_SIGN_ENTITLEMENTS = CyberSpaceForMac/CyberSpaceForMac.entitlements;
				CODE_SIGN_STYLE = Automatic;
				COMBINE_HIDPI_IMAGES = YES;
				DEVELOPMENT_ASSET_PATHS = "\"CyberSpaceForMac/Preview Content\"";
				DEVELOPMENT_TEAM = D6NGHAR2FG;
				ENABLE_HARDENED_RUNTIME = YES;
				ENABLE_PREVIEWS = YES;
				INFOPLIST_FILE = CyberSpaceForMac/Info.plist;
				LD_RUNPATH_SEARCH_PATHS = (
					"$(inherited)",
					"@executable_path/../Frameworks",
				);
				MACOSX_DEPLOYMENT_TARGET = 10.15;
				PRODUCT_BUNDLE_IDENTIFIER = com.teeloong.CyberSpaceForMac;
				PRODUCT_NAME = "$(TARGET_NAME)";
				SDKROOT = macosx;
				SWIFT_VERSION = 5.0;
			};
			name = Debug;
		};
		2BD5B4C6244B71670085221E /* Release */ = {
			isa = XCBuildConfiguration;
			buildSettings = {
				ASSETCATALOG_COMPILER_APPICON_NAME = AppIcon;
				CODE_SIGN_ENTITLEMENTS = CyberSpaceForMac/CyberSpaceForMac.entitlements;
				CODE_SIGN_STYLE = Automatic;
				COMBINE_HIDPI_IMAGES = YES;
				DEVELOPMENT_ASSET_PATHS = "\"CyberSpaceForMac/Preview Content\"";
				DEVELOPMENT_TEAM = D6NGHAR2FG;
				ENABLE_HARDENED_RUNTIME = YES;
				ENABLE_PREVIEWS = YES;
				INFOPLIST_FILE = CyberSpaceForMac/Info.plist;
				LD_RUNPATH_SEARCH_PATHS = (
					"$(inherited)",
					"@executable_path/../Frameworks",
				);
				MACOSX_DEPLOYMENT_TARGET = 10.15;
				PRODUCT_BUNDLE_IDENTIFIER = com.teeloong.CyberSpaceForMac;
				PRODUCT_NAME = "$(TARGET_NAME)";
				SDKROOT = macosx;
				SWIFT_VERSION = 5.0;
			};
			name = Release;
		};
/* End XCBuildConfiguration section */

/* Begin XCConfigurationList section */
		2B7D725C2425BC020098BAD5 /* Build configuration list for PBXProject "CyberSpace" */ = {
			isa = XCConfigurationList;
			buildConfigurations = (
				2B7D72892425BC060098BAD5 /* Debug */,
				2B7D728A2425BC060098BAD5 /* Release */,
			);
			defaultConfigurationIsVisible = 0;
			defaultConfigurationName = Release;
		};
		2B7D728B2425BC060098BAD5 /* Build configuration list for PBXNativeTarget "CyberSpaceForIOS" */ = {
			isa = XCConfigurationList;
			buildConfigurations = (
				2B7D728C2425BC060098BAD5 /* Debug */,
				2B7D728D2425BC060098BAD5 /* Release */,
			);
			defaultConfigurationIsVisible = 0;
			defaultConfigurationName = Release;
		};
		2BD5B4C4244B71670085221E /* Build configuration list for PBXNativeTarget "CyberSpaceForMac" */ = {
			isa = XCConfigurationList;
			buildConfigurations = (
				2BD5B4C5244B71670085221E /* Debug */,
				2BD5B4C6244B71670085221E /* Release */,
			);
			defaultConfigurationIsVisible = 0;
			defaultConfigurationName = Release;
		};
/* End XCConfigurationList section */
	};
	rootObject = 2B7D72592425BC020098BAD5 /* Project object */;
}
